// !$*UTF8*$!
{
	archiveVersion = 1;
	classes = {
	};
	objectVersion = 51;
	objects = {

/* Begin PBXBuildFile section */
		029ECE9AE3DC2648706F4337 /* Pods_QuizTests.framework in Frameworks */ = {isa = PBXBuildFile; fileRef = 52B1C7D757BF7836D4E0398F /* Pods_QuizTests.framework */; };
		9559F620727259CEC3E2CF54 /* Pods_QuizUITests.framework in Frameworks */ = {isa = PBXBuildFile; fileRef = 23398DA4AA61C94A9D964F06 /* Pods_QuizUITests.framework */; };
		9A2E3E4324F4CC860099144B /* click.mp3 in Resources */ = {isa = PBXBuildFile; fileRef = 9A2E3E4224F4CC860099144B /* click.mp3 */; };
		9A3782CD247B757800EF6996 /* SelfChallengeController.swift in Sources */ = {isa = PBXBuildFile; fileRef = 9A3782CC247B757800EF6996 /* SelfChallengeController.swift */; };
		9A3DA0D62486306500879B2D /* SelfAttempAlertView.swift in Sources */ = {isa = PBXBuildFile; fileRef = 9A3DA0D52486306500879B2D /* SelfAttempAlertView.swift */; };
		9A3DA0D824866C2300879B2D /* SelfPlayResultView.swift in Sources */ = {isa = PBXBuildFile; fileRef = 9A3DA0D724866C2300879B2D /* SelfPlayResultView.swift */; };
		9A7F9C6C247D45090074266F /* SelfChallengePlay.swift in Sources */ = {isa = PBXBuildFile; fileRef = 9A7F9C6B247D45090074266F /* SelfChallengePlay.swift */; };
		9AEF45562462FEB700B96893 /* DesignController.swift in Sources */ = {isa = PBXBuildFile; fileRef = 9AEF45552462FEB700B96893 /* DesignController.swift */; };
		BC0139FF2281483A009DA93B /* ResultAlert.swift in Sources */ = {isa = PBXBuildFile; fileRef = BC0139FE2281483A009DA93B /* ResultAlert.swift */; };
		BC029823229CE4B800A50E80 /* RobotAlert.swift in Sources */ = {isa = PBXBuildFile; fileRef = BC029822229CE4B800A50E80 /* RobotAlert.swift */; };
		BC02A0BA22A919E90089025C /* FloatingTF.swift in Sources */ = {isa = PBXBuildFile; fileRef = BC02A0B922A919E80089025C /* FloatingTF.swift */; };
		BC03109F229F964B00923A3F /* ImagePickerManager.swift in Sources */ = {isa = PBXBuildFile; fileRef = BC03109E229F964B00923A3F /* ImagePickerManager.swift */; };
		BC0310A1229F9D2900923A3F /* TermsService.swift in Sources */ = {isa = PBXBuildFile; fileRef = BC0310A0229F9D2900923A3F /* TermsService.swift */; };
		BC0375A0227D530C006C0042 /* BookmarkPlayView.swift in Sources */ = {isa = PBXBuildFile; fileRef = BC03759F227D530C006C0042 /* BookmarkPlayView.swift */; };
		BC05417B229BB31400220644 /* RobotPlayView.swift in Sources */ = {isa = PBXBuildFile; fileRef = BC05417A229BB31400220644 /* RobotPlayView.swift */; };
		BC11D56022A4FD740035A6B4 /* ControllerExtension.swift in Sources */ = {isa = PBXBuildFile; fileRef = BC11D55F22A4FD740035A6B4 /* ControllerExtension.swift */; };
		BC16479B22548E2E00FB7810 /* Structure.swift in Sources */ = {isa = PBXBuildFile; fileRef = BC16479A22548E2E00FB7810 /* Structure.swift */; };
		BC2080ED22701F160071B5F3 /* PrivacyView.swift in Sources */ = {isa = PBXBuildFile; fileRef = BC2080EC22701F160071B5F3 /* PrivacyView.swift */; };
		BC5105602278C48E005377C8 /* BattlePlayController.swift in Sources */ = {isa = PBXBuildFile; fileRef = BC51055F2278C48E005377C8 /* BattlePlayController.swift */; };
		BC62687F23E04652008E3B38 /* ReferAndEarnView.swift in Sources */ = {isa = PBXBuildFile; fileRef = BC62687E23E04652008E3B38 /* ReferAndEarnView.swift */; };
		BC69FF6023EA922A009B5DF8 /* BattleStatisticsCell.swift in Sources */ = {isa = PBXBuildFile; fileRef = BC69FF5F23EA922A009B5DF8 /* BattleStatisticsCell.swift */; };
		BC7B0BFB224D36240051D894 /* QuizSetting.swift in Sources */ = {isa = PBXBuildFile; fileRef = BC7B0BFA224D36240051D894 /* QuizSetting.swift */; };
		BC7B0BFD224D3F860051D894 /* ExtensionFile.swift in Sources */ = {isa = PBXBuildFile; fileRef = BC7B0BFC224D3F860051D894 /* ExtensionFile.swift */; };
		BCB79C51241CC78000465FEA /* GoogleService-Info.plist in Resources */ = {isa = PBXBuildFile; fileRef = BCB79C50241CC78000465FEA /* GoogleService-Info.plist */; };
		BCBE508E23E55DA3001FD5A9 /* UserStatisticsView.swift in Sources */ = {isa = PBXBuildFile; fileRef = BCBE508D23E55DA3001FD5A9 /* UserStatisticsView.swift */; };
		BCE582D623DF068C006BD387 /* LanguageCell.swift in Sources */ = {isa = PBXBuildFile; fileRef = BCE582D523DF068C006BD387 /* LanguageCell.swift */; };
		BCE582D823DF0767006BD387 /* LanguageView.swift in Sources */ = {isa = PBXBuildFile; fileRef = BCE582D723DF0767006BD387 /* LanguageView.swift */; };
		C605949C23ED70120047A2E1 /* InstructionsViewController.swift in Sources */ = {isa = PBXBuildFile; fileRef = C605949B23ED70120047A2E1 /* InstructionsViewController.swift */; };
		C60A7ADC2727B79A00E856F7 /* CoinStoreViewController.swift in Sources */ = {isa = PBXBuildFile; fileRef = C60A7ADB2727B79900E856F7 /* CoinStoreViewController.swift */; };
		C626F9E4273A6299009FD268 /* OneToOneRoomBattlePlayView.swift in Sources */ = {isa = PBXBuildFile; fileRef = C626F9E3273A6299009FD268 /* OneToOneRoomBattlePlayView.swift */; };
		C6270F4D27B2823C004CE734 /* SettingsAlert.swift in Sources */ = {isa = PBXBuildFile; fileRef = C6270F4C27B2823B004CE734 /* SettingsAlert.swift */; };
		C639AEB625E1526E00534FE5 /* SignUpViewMobileController.swift in Sources */ = {isa = PBXBuildFile; fileRef = C639AEB525E1526D00534FE5 /* SignUpViewMobileController.swift */; };
		C63C1D25268983FA00285DBB /* EnterInGroupBattleAlert.swift in Sources */ = {isa = PBXBuildFile; fileRef = C63C1D24268983FA00285DBB /* EnterInGroupBattleAlert.swift */; };
		C646502F25DF846F006588CC /* ContestView.swift in Sources */ = {isa = PBXBuildFile; fileRef = C646502E25DF846F006588CC /* ContestView.swift */; };
		C646503425DF84F2006588CC /* ContestMainView.swift in Sources */ = {isa = PBXBuildFile; fileRef = C646503325DF84F2006588CC /* ContestMainView.swift */; };
		C646506225DF86B9006588CC /* ContestLeaderboard.swift in Sources */ = {isa = PBXBuildFile; fileRef = C646506125DF86B9006588CC /* ContestLeaderboard.swift */; };
		C646506325DF86B9006588CC /* PlayContestView.swift in Sources */ = {isa = PBXBuildFile; fileRef = C646506025DF86B9006588CC /* PlayContestView.swift */; };
		C646506425DF86B9006588CC /* ContestResultsViewController.swift in Sources */ = {isa = PBXBuildFile; fileRef = C646505F25DF86B9006588CC /* ContestResultsViewController.swift */; };
		C6494E1F26C2B069006FEB09 /* RoomBattleHelper.swift in Sources */ = {isa = PBXBuildFile; fileRef = C6494E1E26C2B069006FEB09 /* RoomBattleHelper.swift */; };
		C6500A1723EAA7C400AC93BF /* AboutUsView.swift in Sources */ = {isa = PBXBuildFile; fileRef = C6500A1623EAA7C400AC93BF /* AboutUsView.swift */; };
		C6528610273E203100A9B9D5 /* BattleResultAlert.swift in Sources */ = {isa = PBXBuildFile; fileRef = C652860F273E203100A9B9D5 /* BattleResultAlert.swift */; };
		C65A381C2747B7B400AF7B23 /* LearningView.swift in Sources */ = {isa = PBXBuildFile; fileRef = C65A381B2747B7B400AF7B23 /* LearningView.swift */; };
		C662045523DFEB770028ED5B /* NotificationsView.swift in Sources */ = {isa = PBXBuildFile; fileRef = C662045423DFEB770028ED5B /* NotificationsView.swift */; };
		C66220E327DB5CA700E0D8DE /* MaintenanceAlert.swift in Sources */ = {isa = PBXBuildFile; fileRef = C66220E227DB5CA700E0D8DE /* MaintenanceAlert.swift */; };
		C66221D823E95B9A000519DC /* MoreOptionsViewController.swift in Sources */ = {isa = PBXBuildFile; fileRef = C66221D723E95B9A000519DC /* MoreOptionsViewController.swift */; };
		C6677E1E27227B0100344C55 /* OneToOneBattleView.swift in Sources */ = {isa = PBXBuildFile; fileRef = C6677E1D27227B0000344C55 /* OneToOneBattleView.swift */; };
		C66DD80C267E004600AE07A5 /* HomeScreenController.swift in Sources */ = {isa = PBXBuildFile; fileRef = C66DD80B267E004600AE07A5 /* HomeScreenController.swift */; };
		C67708AD23D0394900DC90B5 /* SystemConfig.swift in Sources */ = {isa = PBXBuildFile; fileRef = C67708AC23D0394800DC90B5 /* SystemConfig.swift */; };
		C67AC07927E2EF710053932B /* animation_200.gif in Resources */ = {isa = PBXBuildFile; fileRef = C67AC07827E2EF710053932B /* animation_200.gif */; };
		C682CB6126BBA8B40073B180 /* StoreKit.framework in Frameworks */ = {isa = PBXBuildFile; fileRef = C682CB6026BBA8B40073B180 /* StoreKit.framework */; };
		C69C9F1B2680568400B7A1C4 /* Ipad.storyboard in Resources */ = {isa = PBXBuildFile; fileRef = C69C9F192680568400B7A1C4 /* Ipad.storyboard */; };
		C6A7E2C927575271003AA562 /* PlayMathQuizView.swift in Sources */ = {isa = PBXBuildFile; fileRef = C6A7E2C827575271003AA562 /* PlayMathQuizView.swift */; };
		C6BF864426B513C000754C33 /* GroupBattleView.swift in Sources */ = {isa = PBXBuildFile; fileRef = C6BF864026B513BF00754C33 /* GroupBattleView.swift */; };
		C6BF864526B513C000754C33 /* BattleRoomResult.swift in Sources */ = {isa = PBXBuildFile; fileRef = C6BF864126B513BF00754C33 /* BattleRoomResult.swift */; };
		C6BF864626B513C000754C33 /* BattleUserScoreCell.swift in Sources */ = {isa = PBXBuildFile; fileRef = C6BF864226B513C000754C33 /* BattleUserScoreCell.swift */; };
		C6BF864726B513C000754C33 /* ResultCell.swift in Sources */ = {isa = PBXBuildFile; fileRef = C6BF864326B513C000754C33 /* ResultCell.swift */; };
		C6BF864C26B516AB00754C33 /* AvailUserListCell.swift in Sources */ = {isa = PBXBuildFile; fileRef = C6BF864B26B516AB00754C33 /* AvailUserListCell.swift */; };
		C6BF864E26B516F000754C33 /* RoomUserCell.swift in Sources */ = {isa = PBXBuildFile; fileRef = C6BF864D26B516F000754C33 /* RoomUserCell.swift */; };
		C6BFF40127C66B1000DE1173 /* UserSignUpViewController.swift in Sources */ = {isa = PBXBuildFile; fileRef = C6BFF40027C66B1000DE1173 /* UserSignUpViewController.swift */; };
		C6D2143D26B80E270035E8E2 /* ForgotPswdView.swift in Sources */ = {isa = PBXBuildFile; fileRef = C6D2143C26B80E270035E8E2 /* ForgotPswdView.swift */; };
		C6DDA8D2260245A2006AC97D /* GradientButton.swift in Sources */ = {isa = PBXBuildFile; fileRef = C6DDA8D1260245A2006AC97D /* GradientButton.swift */; };
		C6DDF957267B010B0081FF79 /* RoomBattlePlayView.swift in Sources */ = {isa = PBXBuildFile; fileRef = C6DDF956267B010B0081FF79 /* RoomBattlePlayView.swift */; };
		C6DDF972267B16E50081FF79 /* Helper.swift in Sources */ = {isa = PBXBuildFile; fileRef = C6DDF971267B16E50081FF79 /* Helper.swift */; };
		C6DDF980267B5AEB0081FF79 /* HomeTableViewCell.swift in Sources */ = {isa = PBXBuildFile; fileRef = C6DDF977267B5AEB0081FF79 /* HomeTableViewCell.swift */; };
		C6DDF984267B5AEB0081FF79 /* CategoryViewController.swift in Sources */ = {isa = PBXBuildFile; fileRef = C6DDF97B267B5AEB0081FF79 /* CategoryViewController.swift */; };
		C6DDF985267B5AEB0081FF79 /* subCategoryViewController.swift in Sources */ = {isa = PBXBuildFile; fileRef = C6DDF97C267B5AEB0081FF79 /* subCategoryViewController.swift */; };
		C6DDF986267B5AEB0081FF79 /* QuizCollectionViewCell.swift in Sources */ = {isa = PBXBuildFile; fileRef = C6DDF97D267B5AEB0081FF79 /* QuizCollectionViewCell.swift */; };
		C6DDF987267B5AEB0081FF79 /* LevelView.swift in Sources */ = {isa = PBXBuildFile; fileRef = C6DDF97E267B5AEB0081FF79 /* LevelView.swift */; };
		C6E49E032684A7F3002DAA39 /* GroupBattleTypeSelection.swift in Sources */ = {isa = PBXBuildFile; fileRef = C6E49E022684A7F3002DAA39 /* GroupBattleTypeSelection.swift */; };
		C6FC8FE525DAA2B1000046F9 /* OTPController.swift in Sources */ = {isa = PBXBuildFile; fileRef = C6FC8FE425DAA2B1000046F9 /* OTPController.swift */; };
		CF8D2FB1B394FE96C847F41D /* Pods_Quiz.framework in Frameworks */ = {isa = PBXBuildFile; fileRef = 6910267D0B09852577E2F59E /* Pods_Quiz.framework */; };
		D74A119821A6B4D80026B327 /* PlayQuizView.swift in Sources */ = {isa = PBXBuildFile; fileRef = D74A119721A6B4D80026B327 /* PlayQuizView.swift */; };
		D74A119A21A6B8B60026B327 /* ResultsViewController.swift in Sources */ = {isa = PBXBuildFile; fileRef = D74A119921A6B8B60026B327 /* ResultsViewController.swift */; };
		D75C4C4A223289AB006C68EF /* Leaderboard.swift in Sources */ = {isa = PBXBuildFile; fileRef = D75C4C49223289AA006C68EF /* Leaderboard.swift */; };
		D76C6EEC222FD4AA00A7458C /* ReView.swift in Sources */ = {isa = PBXBuildFile; fileRef = D76C6EEB222FD4A900A7458C /* ReView.swift */; };
		D791BA9C2240B9AD00F6671C /* snd_bg.mp3 in Resources */ = {isa = PBXBuildFile; fileRef = D791BA982240B9AC00F6671C /* snd_bg.mp3 */; };
		D791BA9D2240B9AD00F6671C /* right.mp3 in Resources */ = {isa = PBXBuildFile; fileRef = D791BA992240B9AD00F6671C /* right.mp3 */; };
		D791BA9E2240B9AD00F6671C /* wrong.mp3 in Resources */ = {isa = PBXBuildFile; fileRef = D791BA9A2240B9AD00F6671C /* wrong.mp3 */; };
		D7964A49223B8BAF00D847A4 /* BookmarkView.swift in Sources */ = {isa = PBXBuildFile; fileRef = D7964A48223B8BAE00D847A4 /* BookmarkView.swift */; };
		D79A4E01223A730000F98E75 /* UpdateProfileView.swift in Sources */ = {isa = PBXBuildFile; fileRef = D79A4E00223A730000F98E75 /* UpdateProfileView.swift */; };
		D7A611962233D7B9002D1E8C /* BattleViewController.swift in Sources */ = {isa = PBXBuildFile; fileRef = D7A611952233D7B8002D1E8C /* BattleViewController.swift */; };
		D7BCD04C222AA86500B7E531 /* CircularProgressBar.swift in Sources */ = {isa = PBXBuildFile; fileRef = D7BCD04B222AA86500B7E531 /* CircularProgressBar.swift */; };
		D7FCFC5A21A5282D00718EE2 /* AppDelegate.swift in Sources */ = {isa = PBXBuildFile; fileRef = D7FCFC5921A5282D00718EE2 /* AppDelegate.swift */; };
		D7FCFC5F21A5282D00718EE2 /* Main.storyboard in Resources */ = {isa = PBXBuildFile; fileRef = D7FCFC5D21A5282D00718EE2 /* Main.storyboard */; };
		D7FCFC6221A5282D00718EE2 /* Quiz.xcdatamodeld in Sources */ = {isa = PBXBuildFile; fileRef = D7FCFC6021A5282D00718EE2 /* Quiz.xcdatamodeld */; };
		D7FCFC6421A5283C00718EE2 /* Assets.xcassets in Resources */ = {isa = PBXBuildFile; fileRef = D7FCFC6321A5283C00718EE2 /* Assets.xcassets */; };
		D7FCFC6721A5283C00718EE2 /* LaunchScreen.storyboard in Resources */ = {isa = PBXBuildFile; fileRef = D7FCFC6521A5283C00718EE2 /* LaunchScreen.storyboard */; };
		D7FCFC7221A5283C00718EE2 /* QuizTests.swift in Sources */ = {isa = PBXBuildFile; fileRef = D7FCFC7121A5283C00718EE2 /* QuizTests.swift */; };
		D7FCFC7D21A5283C00718EE2 /* QuizUITests.swift in Sources */ = {isa = PBXBuildFile; fileRef = D7FCFC7C21A5283C00718EE2 /* QuizUITests.swift */; };
		D7FCFC8B21A52A6600718EE2 /* LoginView.swift in Sources */ = {isa = PBXBuildFile; fileRef = D7FCFC8A21A52A6600718EE2 /* LoginView.swift */; };
		D7FCFC9521A57F4700718EE2 /* TableViewCell.swift in Sources */ = {isa = PBXBuildFile; fileRef = D7FCFC9421A57F4700718EE2 /* TableViewCell.swift */; };
/* End PBXBuildFile section */

/* Begin PBXContainerItemProxy section */
		D7FCFC6E21A5283C00718EE2 /* PBXContainerItemProxy */ = {
			isa = PBXContainerItemProxy;
			containerPortal = D7FCFC4E21A5282D00718EE2 /* Project object */;
			proxyType = 1;
			remoteGlobalIDString = D7FCFC5521A5282D00718EE2;
			remoteInfo = Quiz;
		};
		D7FCFC7921A5283C00718EE2 /* PBXContainerItemProxy */ = {
			isa = PBXContainerItemProxy;
			containerPortal = D7FCFC4E21A5282D00718EE2 /* Project object */;
			proxyType = 1;
			remoteGlobalIDString = D7FCFC5521A5282D00718EE2;
			remoteInfo = Quiz;
		};
/* End PBXContainerItemProxy section */

/* Begin PBXCopyFilesBuildPhase section */
		C6F6600123F67B0600015F15 /* Embed App Extensions */ = {
			isa = PBXCopyFilesBuildPhase;
			buildActionMask = 2147483647;
			dstPath = "";
			dstSubfolderSpec = 13;
			files = (
			);
			name = "Embed App Extensions";
			runOnlyForDeploymentPostprocessing = 0;
		};
/* End PBXCopyFilesBuildPhase section */

/* Begin PBXFileReference section */
		0817597AF4B8F810DCE7B79D /* Pods-Quiz.debug.xcconfig */ = {isa = PBXFileReference; includeInIndex = 1; lastKnownFileType = text.xcconfig; name = "Pods-Quiz.debug.xcconfig"; path = "Target Support Files/Pods-Quiz/Pods-Quiz.debug.xcconfig"; sourceTree = "<group>"; };
		23398DA4AA61C94A9D964F06 /* Pods_QuizUITests.framework */ = {isa = PBXFileReference; explicitFileType = wrapper.framework; includeInIndex = 0; path = Pods_QuizUITests.framework; sourceTree = BUILT_PRODUCTS_DIR; };
		2EF1E930FC219E8514559CCC /* Pods-QuizUITests.release.xcconfig */ = {isa = PBXFileReference; includeInIndex = 1; lastKnownFileType = text.xcconfig; name = "Pods-QuizUITests.release.xcconfig"; path = "Target Support Files/Pods-QuizUITests/Pods-QuizUITests.release.xcconfig"; sourceTree = "<group>"; };
		52B1C7D757BF7836D4E0398F /* Pods_QuizTests.framework */ = {isa = PBXFileReference; explicitFileType = wrapper.framework; includeInIndex = 0; path = Pods_QuizTests.framework; sourceTree = BUILT_PRODUCTS_DIR; };
		6910267D0B09852577E2F59E /* Pods_Quiz.framework */ = {isa = PBXFileReference; explicitFileType = wrapper.framework; includeInIndex = 0; path = Pods_Quiz.framework; sourceTree = BUILT_PRODUCTS_DIR; };
		7052637C8037ED42F53F1D4C /* Pods-Quiz.release.xcconfig */ = {isa = PBXFileReference; includeInIndex = 1; lastKnownFileType = text.xcconfig; name = "Pods-Quiz.release.xcconfig"; path = "Target Support Files/Pods-Quiz/Pods-Quiz.release.xcconfig"; sourceTree = "<group>"; };
		89141744E69537119C913BCD /* Pods-QuizUITests.debug.xcconfig */ = {isa = PBXFileReference; includeInIndex = 1; lastKnownFileType = text.xcconfig; name = "Pods-QuizUITests.debug.xcconfig"; path = "Target Support Files/Pods-QuizUITests/Pods-QuizUITests.debug.xcconfig"; sourceTree = "<group>"; };
		93413139FAD89479DEC3AAE7 /* Pods-QuizTests.debug.xcconfig */ = {isa = PBXFileReference; includeInIndex = 1; lastKnownFileType = text.xcconfig; name = "Pods-QuizTests.debug.xcconfig"; path = "Target Support Files/Pods-QuizTests/Pods-QuizTests.debug.xcconfig"; sourceTree = "<group>"; };
		9A2E3E4224F4CC860099144B /* click.mp3 */ = {isa = PBXFileReference; lastKnownFileType = audio.mp3; path = click.mp3; sourceTree = "<group>"; };
		9A3782CC247B757800EF6996 /* SelfChallengeController.swift */ = {isa = PBXFileReference; lastKnownFileType = sourcecode.swift; path = SelfChallengeController.swift; sourceTree = "<group>"; };
		9A3DA0D52486306500879B2D /* SelfAttempAlertView.swift */ = {isa = PBXFileReference; lastKnownFileType = sourcecode.swift; path = SelfAttempAlertView.swift; sourceTree = "<group>"; };
		9A3DA0D724866C2300879B2D /* SelfPlayResultView.swift */ = {isa = PBXFileReference; lastKnownFileType = sourcecode.swift; path = SelfPlayResultView.swift; sourceTree = "<group>"; };
		9A7F9C6B247D45090074266F /* SelfChallengePlay.swift */ = {isa = PBXFileReference; lastKnownFileType = sourcecode.swift; path = SelfChallengePlay.swift; sourceTree = "<group>"; };
		9AEF45552462FEB700B96893 /* DesignController.swift */ = {isa = PBXFileReference; lastKnownFileType = sourcecode.swift; path = DesignController.swift; sourceTree = "<group>"; };
		AFF12D7B43E160D36C3B90B1 /* Pods-QuizTests.release.xcconfig */ = {isa = PBXFileReference; includeInIndex = 1; lastKnownFileType = text.xcconfig; name = "Pods-QuizTests.release.xcconfig"; path = "Target Support Files/Pods-QuizTests/Pods-QuizTests.release.xcconfig"; sourceTree = "<group>"; };
		BC0139FE2281483A009DA93B /* ResultAlert.swift */ = {isa = PBXFileReference; lastKnownFileType = sourcecode.swift; path = ResultAlert.swift; sourceTree = "<group>"; };
		BC029822229CE4B800A50E80 /* RobotAlert.swift */ = {isa = PBXFileReference; lastKnownFileType = sourcecode.swift; path = RobotAlert.swift; sourceTree = "<group>"; };
		BC02A0B922A919E80089025C /* FloatingTF.swift */ = {isa = PBXFileReference; fileEncoding = 4; lastKnownFileType = sourcecode.swift; path = FloatingTF.swift; sourceTree = "<group>"; };
		BC03109E229F964B00923A3F /* ImagePickerManager.swift */ = {isa = PBXFileReference; lastKnownFileType = sourcecode.swift; path = ImagePickerManager.swift; sourceTree = "<group>"; };
		BC0310A0229F9D2900923A3F /* TermsService.swift */ = {isa = PBXFileReference; lastKnownFileType = sourcecode.swift; path = TermsService.swift; sourceTree = "<group>"; };
		BC03759F227D530C006C0042 /* BookmarkPlayView.swift */ = {isa = PBXFileReference; lastKnownFileType = sourcecode.swift; path = BookmarkPlayView.swift; sourceTree = "<group>"; };
		BC05417A229BB31400220644 /* RobotPlayView.swift */ = {isa = PBXFileReference; lastKnownFileType = sourcecode.swift; path = RobotPlayView.swift; sourceTree = "<group>"; };
		BC11D55F22A4FD740035A6B4 /* ControllerExtension.swift */ = {isa = PBXFileReference; lastKnownFileType = sourcecode.swift; path = ControllerExtension.swift; sourceTree = "<group>"; };
		BC16479A22548E2E00FB7810 /* Structure.swift */ = {isa = PBXFileReference; lastKnownFileType = sourcecode.swift; path = Structure.swift; sourceTree = "<group>"; };
		BC2080EC22701F160071B5F3 /* PrivacyView.swift */ = {isa = PBXFileReference; lastKnownFileType = sourcecode.swift; path = PrivacyView.swift; sourceTree = "<group>"; };
		BC51055F2278C48E005377C8 /* BattlePlayController.swift */ = {isa = PBXFileReference; lastKnownFileType = sourcecode.swift; path = BattlePlayController.swift; sourceTree = "<group>"; };
		BC62687E23E04652008E3B38 /* ReferAndEarnView.swift */ = {isa = PBXFileReference; lastKnownFileType = sourcecode.swift; path = ReferAndEarnView.swift; sourceTree = "<group>"; };
		BC69FF5F23EA922A009B5DF8 /* BattleStatisticsCell.swift */ = {isa = PBXFileReference; lastKnownFileType = sourcecode.swift; path = BattleStatisticsCell.swift; sourceTree = "<group>"; };
		BC7B0BFA224D36240051D894 /* QuizSetting.swift */ = {isa = PBXFileReference; lastKnownFileType = sourcecode.swift; path = QuizSetting.swift; sourceTree = "<group>"; };
		BC7B0BFC224D3F860051D894 /* ExtensionFile.swift */ = {isa = PBXFileReference; lastKnownFileType = sourcecode.swift; path = ExtensionFile.swift; sourceTree = "<group>"; };
		BCB79C50241CC78000465FEA /* GoogleService-Info.plist */ = {isa = PBXFileReference; fileEncoding = 4; lastKnownFileType = text.plist.xml; path = "GoogleService-Info.plist"; sourceTree = "<group>"; };
		BCBE508D23E55DA3001FD5A9 /* UserStatisticsView.swift */ = {isa = PBXFileReference; lastKnownFileType = sourcecode.swift; path = UserStatisticsView.swift; sourceTree = "<group>"; };
		BCE582D523DF068C006BD387 /* LanguageCell.swift */ = {isa = PBXFileReference; lastKnownFileType = sourcecode.swift; path = LanguageCell.swift; sourceTree = "<group>"; };
		BCE582D723DF0767006BD387 /* LanguageView.swift */ = {isa = PBXFileReference; lastKnownFileType = sourcecode.swift; path = LanguageView.swift; sourceTree = "<group>"; };
		C605949B23ED70120047A2E1 /* InstructionsViewController.swift */ = {isa = PBXFileReference; lastKnownFileType = sourcecode.swift; path = InstructionsViewController.swift; sourceTree = "<group>"; };
		C60A7ADB2727B79900E856F7 /* CoinStoreViewController.swift */ = {isa = PBXFileReference; fileEncoding = 4; lastKnownFileType = sourcecode.swift; path = CoinStoreViewController.swift; sourceTree = "<group>"; };
		C626F9E3273A6299009FD268 /* OneToOneRoomBattlePlayView.swift */ = {isa = PBXFileReference; fileEncoding = 4; lastKnownFileType = sourcecode.swift; path = OneToOneRoomBattlePlayView.swift; sourceTree = "<group>"; };
		C6270F4C27B2823B004CE734 /* SettingsAlert.swift */ = {isa = PBXFileReference; fileEncoding = 4; lastKnownFileType = sourcecode.swift; path = SettingsAlert.swift; sourceTree = "<group>"; };
		C639AEB525E1526D00534FE5 /* SignUpViewMobileController.swift */ = {isa = PBXFileReference; fileEncoding = 4; lastKnownFileType = sourcecode.swift; path = SignUpViewMobileController.swift; sourceTree = "<group>"; };
		C63C1D24268983FA00285DBB /* EnterInGroupBattleAlert.swift */ = {isa = PBXFileReference; fileEncoding = 4; lastKnownFileType = sourcecode.swift; path = EnterInGroupBattleAlert.swift; sourceTree = "<group>"; };
		C646502E25DF846F006588CC /* ContestView.swift */ = {isa = PBXFileReference; lastKnownFileType = sourcecode.swift; path = ContestView.swift; sourceTree = "<group>"; };
		C646503325DF84F2006588CC /* ContestMainView.swift */ = {isa = PBXFileReference; lastKnownFileType = sourcecode.swift; path = ContestMainView.swift; sourceTree = "<group>"; };
		C646505F25DF86B9006588CC /* ContestResultsViewController.swift */ = {isa = PBXFileReference; lastKnownFileType = sourcecode.swift; path = ContestResultsViewController.swift; sourceTree = "<group>"; };
		C646506025DF86B9006588CC /* PlayContestView.swift */ = {isa = PBXFileReference; lastKnownFileType = sourcecode.swift; path = PlayContestView.swift; sourceTree = "<group>"; };
		C646506125DF86B9006588CC /* ContestLeaderboard.swift */ = {isa = PBXFileReference; lastKnownFileType = sourcecode.swift; path = ContestLeaderboard.swift; sourceTree = "<group>"; };
		C6494E1E26C2B069006FEB09 /* RoomBattleHelper.swift */ = {isa = PBXFileReference; fileEncoding = 4; lastKnownFileType = sourcecode.swift; name = RoomBattleHelper.swift; path = Quiz/BatttleRoomFiles/RoomBattleHelper.swift; sourceTree = SOURCE_ROOT; };
		C6500A1623EAA7C400AC93BF /* AboutUsView.swift */ = {isa = PBXFileReference; fileEncoding = 4; lastKnownFileType = sourcecode.swift; path = AboutUsView.swift; sourceTree = "<group>"; };
		C652860F273E203100A9B9D5 /* BattleResultAlert.swift */ = {isa = PBXFileReference; fileEncoding = 4; lastKnownFileType = sourcecode.swift; path = BattleResultAlert.swift; sourceTree = "<group>"; };
		C65A381B2747B7B400AF7B23 /* LearningView.swift */ = {isa = PBXFileReference; fileEncoding = 4; lastKnownFileType = sourcecode.swift; path = LearningView.swift; sourceTree = "<group>"; };
		C662045423DFEB770028ED5B /* NotificationsView.swift */ = {isa = PBXFileReference; fileEncoding = 4; lastKnownFileType = sourcecode.swift; path = NotificationsView.swift; sourceTree = "<group>"; };
		C66220E227DB5CA700E0D8DE /* MaintenanceAlert.swift */ = {isa = PBXFileReference; fileEncoding = 4; lastKnownFileType = sourcecode.swift; path = MaintenanceAlert.swift; sourceTree = "<group>"; };
		C66221D723E95B9A000519DC /* MoreOptionsViewController.swift */ = {isa = PBXFileReference; fileEncoding = 4; lastKnownFileType = sourcecode.swift; path = MoreOptionsViewController.swift; sourceTree = "<group>"; };
		C6677E1D27227B0000344C55 /* OneToOneBattleView.swift */ = {isa = PBXFileReference; fileEncoding = 4; lastKnownFileType = sourcecode.swift; path = OneToOneBattleView.swift; sourceTree = "<group>"; };
		C66DD80B267E004600AE07A5 /* HomeScreenController.swift */ = {isa = PBXFileReference; fileEncoding = 4; lastKnownFileType = sourcecode.swift; path = HomeScreenController.swift; sourceTree = "<group>"; };
		C67708AC23D0394800DC90B5 /* SystemConfig.swift */ = {isa = PBXFileReference; lastKnownFileType = sourcecode.swift; path = SystemConfig.swift; sourceTree = "<group>"; };
		C67AC07827E2EF710053932B /* animation_200.gif */ = {isa = PBXFileReference; lastKnownFileType = image.gif; path = animation_200.gif; sourceTree = "<group>"; };
		C682CB6026BBA8B40073B180 /* StoreKit.framework */ = {isa = PBXFileReference; lastKnownFileType = wrapper.framework; name = StoreKit.framework; path = System/Library/Frameworks/StoreKit.framework; sourceTree = SDKROOT; };
		C69C9F1A2680568400B7A1C4 /* Base */ = {isa = PBXFileReference; lastKnownFileType = file.storyboard; name = Base; path = Base.lproj/Ipad.storyboard; sourceTree = "<group>"; };
		C6A7E2C827575271003AA562 /* PlayMathQuizView.swift */ = {isa = PBXFileReference; fileEncoding = 4; lastKnownFileType = sourcecode.swift; path = PlayMathQuizView.swift; sourceTree = "<group>"; };
		C6BF864026B513BF00754C33 /* GroupBattleView.swift */ = {isa = PBXFileReference; fileEncoding = 4; lastKnownFileType = sourcecode.swift; path = GroupBattleView.swift; sourceTree = "<group>"; };
		C6BF864126B513BF00754C33 /* BattleRoomResult.swift */ = {isa = PBXFileReference; fileEncoding = 4; lastKnownFileType = sourcecode.swift; path = BattleRoomResult.swift; sourceTree = "<group>"; };
		C6BF864226B513C000754C33 /* BattleUserScoreCell.swift */ = {isa = PBXFileReference; fileEncoding = 4; lastKnownFileType = sourcecode.swift; path = BattleUserScoreCell.swift; sourceTree = "<group>"; };
		C6BF864326B513C000754C33 /* ResultCell.swift */ = {isa = PBXFileReference; fileEncoding = 4; lastKnownFileType = sourcecode.swift; path = ResultCell.swift; sourceTree = "<group>"; };
		C6BF864B26B516AB00754C33 /* AvailUserListCell.swift */ = {isa = PBXFileReference; fileEncoding = 4; lastKnownFileType = sourcecode.swift; path = AvailUserListCell.swift; sourceTree = "<group>"; };
		C6BF864D26B516F000754C33 /* RoomUserCell.swift */ = {isa = PBXFileReference; fileEncoding = 4; lastKnownFileType = sourcecode.swift; path = RoomUserCell.swift; sourceTree = "<group>"; };
		C6BFF40027C66B1000DE1173 /* UserSignUpViewController.swift */ = {isa = PBXFileReference; fileEncoding = 4; lastKnownFileType = sourcecode.swift; path = UserSignUpViewController.swift; sourceTree = "<group>"; };
		C6D2143C26B80E270035E8E2 /* ForgotPswdView.swift */ = {isa = PBXFileReference; fileEncoding = 4; lastKnownFileType = sourcecode.swift; path = ForgotPswdView.swift; sourceTree = "<group>"; };
		C6DDA8D1260245A2006AC97D /* GradientButton.swift */ = {isa = PBXFileReference; fileEncoding = 4; lastKnownFileType = sourcecode.swift; path = GradientButton.swift; sourceTree = "<group>"; };
		C6DDF956267B010B0081FF79 /* RoomBattlePlayView.swift */ = {isa = PBXFileReference; fileEncoding = 4; lastKnownFileType = sourcecode.swift; path = RoomBattlePlayView.swift; sourceTree = "<group>"; };
		C6DDF971267B16E50081FF79 /* Helper.swift */ = {isa = PBXFileReference; fileEncoding = 4; lastKnownFileType = sourcecode.swift; path = Helper.swift; sourceTree = "<group>"; };
		C6DDF977267B5AEB0081FF79 /* HomeTableViewCell.swift */ = {isa = PBXFileReference; fileEncoding = 4; lastKnownFileType = sourcecode.swift; path = HomeTableViewCell.swift; sourceTree = "<group>"; wrapsLines = 0; };
		C6DDF97B267B5AEB0081FF79 /* CategoryViewController.swift */ = {isa = PBXFileReference; fileEncoding = 4; lastKnownFileType = sourcecode.swift; path = CategoryViewController.swift; sourceTree = "<group>"; };
		C6DDF97C267B5AEB0081FF79 /* subCategoryViewController.swift */ = {isa = PBXFileReference; fileEncoding = 4; lastKnownFileType = sourcecode.swift; path = subCategoryViewController.swift; sourceTree = "<group>"; };
		C6DDF97D267B5AEB0081FF79 /* QuizCollectionViewCell.swift */ = {isa = PBXFileReference; fileEncoding = 4; lastKnownFileType = sourcecode.swift; path = QuizCollectionViewCell.swift; sourceTree = "<group>"; };
		C6DDF97E267B5AEB0081FF79 /* LevelView.swift */ = {isa = PBXFileReference; fileEncoding = 4; lastKnownFileType = sourcecode.swift; path = LevelView.swift; sourceTree = "<group>"; };
		C6E49E022684A7F3002DAA39 /* GroupBattleTypeSelection.swift */ = {isa = PBXFileReference; fileEncoding = 4; lastKnownFileType = sourcecode.swift; path = GroupBattleTypeSelection.swift; sourceTree = "<group>"; };
		C6F6600A23F67E2600015F15 /* UserNotifications.framework */ = {isa = PBXFileReference; lastKnownFileType = wrapper.framework; name = UserNotifications.framework; path = System/Library/Frameworks/UserNotifications.framework; sourceTree = SDKROOT; };
		C6F6600C23F67E2600015F15 /* UserNotificationsUI.framework */ = {isa = PBXFileReference; lastKnownFileType = wrapper.framework; name = UserNotificationsUI.framework; path = System/Library/Frameworks/UserNotificationsUI.framework; sourceTree = SDKROOT; };
		C6FC8FE425DAA2B1000046F9 /* OTPController.swift */ = {isa = PBXFileReference; lastKnownFileType = sourcecode.swift; path = OTPController.swift; sourceTree = "<group>"; };
		D74A119721A6B4D80026B327 /* PlayQuizView.swift */ = {isa = PBXFileReference; lastKnownFileType = sourcecode.swift; path = PlayQuizView.swift; sourceTree = "<group>"; };
		D74A119921A6B8B60026B327 /* ResultsViewController.swift */ = {isa = PBXFileReference; lastKnownFileType = sourcecode.swift; path = ResultsViewController.swift; sourceTree = "<group>"; };
		D75C4C49223289AA006C68EF /* Leaderboard.swift */ = {isa = PBXFileReference; fileEncoding = 4; lastKnownFileType = sourcecode.swift; path = Leaderboard.swift; sourceTree = "<group>"; };
		D767B1E22239260D00B0A588 /* Quiz.entitlements */ = {isa = PBXFileReference; lastKnownFileType = text.plist.entitlements; path = Quiz.entitlements; sourceTree = "<group>"; };
		D76C6EEB222FD4A900A7458C /* ReView.swift */ = {isa = PBXFileReference; fileEncoding = 4; lastKnownFileType = sourcecode.swift; path = ReView.swift; sourceTree = "<group>"; };
		D791BA982240B9AC00F6671C /* snd_bg.mp3 */ = {isa = PBXFileReference; lastKnownFileType = audio.mp3; path = snd_bg.mp3; sourceTree = "<group>"; };
		D791BA992240B9AD00F6671C /* right.mp3 */ = {isa = PBXFileReference; lastKnownFileType = audio.mp3; path = right.mp3; sourceTree = "<group>"; };
		D791BA9A2240B9AD00F6671C /* wrong.mp3 */ = {isa = PBXFileReference; lastKnownFileType = audio.mp3; path = wrong.mp3; sourceTree = "<group>"; };
		D7964A48223B8BAE00D847A4 /* BookmarkView.swift */ = {isa = PBXFileReference; fileEncoding = 4; lastKnownFileType = sourcecode.swift; path = BookmarkView.swift; sourceTree = "<group>"; };
		D79A4E00223A730000F98E75 /* UpdateProfileView.swift */ = {isa = PBXFileReference; lastKnownFileType = sourcecode.swift; path = UpdateProfileView.swift; sourceTree = "<group>"; };
		D7A611952233D7B8002D1E8C /* BattleViewController.swift */ = {isa = PBXFileReference; lastKnownFileType = sourcecode.swift; path = BattleViewController.swift; sourceTree = "<group>"; };
		D7BCD04B222AA86500B7E531 /* CircularProgressBar.swift */ = {isa = PBXFileReference; fileEncoding = 4; lastKnownFileType = sourcecode.swift; path = CircularProgressBar.swift; sourceTree = "<group>"; };
		D7FCFC5621A5282D00718EE2 /* Quiz.app */ = {isa = PBXFileReference; explicitFileType = wrapper.application; includeInIndex = 0; path = Quiz.app; sourceTree = BUILT_PRODUCTS_DIR; };
		D7FCFC5921A5282D00718EE2 /* AppDelegate.swift */ = {isa = PBXFileReference; lastKnownFileType = sourcecode.swift; path = AppDelegate.swift; sourceTree = "<group>"; };
		D7FCFC5E21A5282D00718EE2 /* Base */ = {isa = PBXFileReference; lastKnownFileType = file.storyboard; name = Base; path = Base.lproj/Main.storyboard; sourceTree = "<group>"; };
		D7FCFC6121A5282D00718EE2 /* Quiz.xcdatamodel */ = {isa = PBXFileReference; lastKnownFileType = wrapper.xcdatamodel; path = Quiz.xcdatamodel; sourceTree = "<group>"; };
		D7FCFC6321A5283C00718EE2 /* Assets.xcassets */ = {isa = PBXFileReference; lastKnownFileType = folder.assetcatalog; path = Assets.xcassets; sourceTree = "<group>"; };
		D7FCFC6621A5283C00718EE2 /* Base */ = {isa = PBXFileReference; lastKnownFileType = file.storyboard; name = Base; path = Base.lproj/LaunchScreen.storyboard; sourceTree = "<group>"; };
		D7FCFC6821A5283C00718EE2 /* Info.plist */ = {isa = PBXFileReference; lastKnownFileType = text.plist.xml; path = Info.plist; sourceTree = "<group>"; };
		D7FCFC6D21A5283C00718EE2 /* QuizTests.xctest */ = {isa = PBXFileReference; explicitFileType = wrapper.cfbundle; includeInIndex = 0; path = QuizTests.xctest; sourceTree = BUILT_PRODUCTS_DIR; };
		D7FCFC7121A5283C00718EE2 /* QuizTests.swift */ = {isa = PBXFileReference; lastKnownFileType = sourcecode.swift; path = QuizTests.swift; sourceTree = "<group>"; };
		D7FCFC7321A5283C00718EE2 /* Info.plist */ = {isa = PBXFileReference; lastKnownFileType = text.plist.xml; path = Info.plist; sourceTree = "<group>"; };
		D7FCFC7821A5283C00718EE2 /* QuizUITests.xctest */ = {isa = PBXFileReference; explicitFileType = wrapper.cfbundle; includeInIndex = 0; path = QuizUITests.xctest; sourceTree = BUILT_PRODUCTS_DIR; };
		D7FCFC7C21A5283C00718EE2 /* QuizUITests.swift */ = {isa = PBXFileReference; lastKnownFileType = sourcecode.swift; path = QuizUITests.swift; sourceTree = "<group>"; };
		D7FCFC7E21A5283C00718EE2 /* Info.plist */ = {isa = PBXFileReference; lastKnownFileType = text.plist.xml; path = Info.plist; sourceTree = "<group>"; };
		D7FCFC8A21A52A6600718EE2 /* LoginView.swift */ = {isa = PBXFileReference; fileEncoding = 4; lastKnownFileType = sourcecode.swift; path = LoginView.swift; sourceTree = "<group>"; };
		D7FCFC9421A57F4700718EE2 /* TableViewCell.swift */ = {isa = PBXFileReference; fileEncoding = 4; lastKnownFileType = sourcecode.swift; path = TableViewCell.swift; sourceTree = "<group>"; };
/* End PBXFileReference section */

/* Begin PBXFrameworksBuildPhase section */
		D7FCFC5321A5282D00718EE2 /* Frameworks */ = {
			isa = PBXFrameworksBuildPhase;
			buildActionMask = 2147483647;
			files = (
				C682CB6126BBA8B40073B180 /* StoreKit.framework in Frameworks */,
				CF8D2FB1B394FE96C847F41D /* Pods_Quiz.framework in Frameworks */,
			);
			runOnlyForDeploymentPostprocessing = 0;
		};
		D7FCFC6A21A5283C00718EE2 /* Frameworks */ = {
			isa = PBXFrameworksBuildPhase;
			buildActionMask = 2147483647;
			files = (
				029ECE9AE3DC2648706F4337 /* Pods_QuizTests.framework in Frameworks */,
			);
			runOnlyForDeploymentPostprocessing = 0;
		};
		D7FCFC7521A5283C00718EE2 /* Frameworks */ = {
			isa = PBXFrameworksBuildPhase;
			buildActionMask = 2147483647;
			files = (
				9559F620727259CEC3E2CF54 /* Pods_QuizUITests.framework in Frameworks */,
			);
			runOnlyForDeploymentPostprocessing = 0;
		};
/* End PBXFrameworksBuildPhase section */

/* Begin PBXGroup section */
		12C86B3ABD2F284E6287BBFB /* Frameworks */ = {
			isa = PBXGroup;
			children = (
				C682CB6026BBA8B40073B180 /* StoreKit.framework */,
				C6F6600A23F67E2600015F15 /* UserNotifications.framework */,
				C6F6600C23F67E2600015F15 /* UserNotificationsUI.framework */,
				6910267D0B09852577E2F59E /* Pods_Quiz.framework */,
				52B1C7D757BF7836D4E0398F /* Pods_QuizTests.framework */,
				23398DA4AA61C94A9D964F06 /* Pods_QuizUITests.framework */,
			);
			name = Frameworks;
			sourceTree = "<group>";
		};
		70443A42987AA39518BA2769 /* Pods */ = {
			isa = PBXGroup;
			children = (
				0817597AF4B8F810DCE7B79D /* Pods-Quiz.debug.xcconfig */,
				7052637C8037ED42F53F1D4C /* Pods-Quiz.release.xcconfig */,
				93413139FAD89479DEC3AAE7 /* Pods-QuizTests.debug.xcconfig */,
				AFF12D7B43E160D36C3B90B1 /* Pods-QuizTests.release.xcconfig */,
				89141744E69537119C913BCD /* Pods-QuizUITests.debug.xcconfig */,
				2EF1E930FC219E8514559CCC /* Pods-QuizUITests.release.xcconfig */,
			);
			path = Pods;
			sourceTree = "<group>";
		};
		BC029824229CF40A00A50E80 /* AlertView */ = {
			isa = PBXGroup;
			children = (
				C63C1D24268983FA00285DBB /* EnterInGroupBattleAlert.swift */,
				C6FC8FE425DAA2B1000046F9 /* OTPController.swift */,
				C6270F4C27B2823B004CE734 /* SettingsAlert.swift */,
				C639AEB525E1526D00534FE5 /* SignUpViewMobileController.swift */,
				C6D2143C26B80E270035E8E2 /* ForgotPswdView.swift */,
				C66220E227DB5CA700E0D8DE /* MaintenanceAlert.swift */,
				BC0139FE2281483A009DA93B /* ResultAlert.swift */,
				C652860F273E203100A9B9D5 /* BattleResultAlert.swift */,
				BC029822229CE4B800A50E80 /* RobotAlert.swift */,
				9A3DA0D52486306500879B2D /* SelfAttempAlertView.swift */,
			);
			path = AlertView;
			sourceTree = "<group>";
		};
		BC029825229CF43900A50E80 /* ExtensionFile */ = {
			isa = PBXGroup;
			children = (
				C6DDA8D1260245A2006AC97D /* GradientButton.swift */,
				BC02A0B922A919E80089025C /* FloatingTF.swift */,
				C6DDF971267B16E50081FF79 /* Helper.swift */,
				D7BCD04B222AA86500B7E531 /* CircularProgressBar.swift */,
				BC7B0BFA224D36240051D894 /* QuizSetting.swift */,
				BC7B0BFC224D3F860051D894 /* ExtensionFile.swift */,
				BC16479A22548E2E00FB7810 /* Structure.swift */,
				BC03109E229F964B00923A3F /* ImagePickerManager.swift */,
				BC11D55F22A4FD740035A6B4 /* ControllerExtension.swift */,
				9AEF45552462FEB700B96893 /* DesignController.swift */,
			);
			path = ExtensionFile;
			sourceTree = "<group>";
		};
		BC029826229CF47400A50E80 /* AssetsFile */ = {
			isa = PBXGroup;
			children = (
				9A2E3E4224F4CC860099144B /* click.mp3 */,
				D791BA992240B9AD00F6671C /* right.mp3 */,
				D791BA982240B9AC00F6671C /* snd_bg.mp3 */,
				D791BA9A2240B9AD00F6671C /* wrong.mp3 */,
			);
			path = AssetsFile;
			sourceTree = "<group>";
		};
		BC5EAF6522B21A3A00094DF8 /* PlayViews */ = {
			isa = PBXGroup;
			children = (
				C6DDF956267B010B0081FF79 /* RoomBattlePlayView.swift */,
				C626F9E3273A6299009FD268 /* OneToOneRoomBattlePlayView.swift */,
				C646506025DF86B9006588CC /* PlayContestView.swift */,
				C6A7E2C827575271003AA562 /* PlayMathQuizView.swift */,
				BC03759F227D530C006C0042 /* BookmarkPlayView.swift */,
				D74A119721A6B4D80026B327 /* PlayQuizView.swift */,
				BC51055F2278C48E005377C8 /* BattlePlayController.swift */,
				BC05417A229BB31400220644 /* RobotPlayView.swift */,
				D76C6EEB222FD4A900A7458C /* ReView.swift */,
				9A7F9C6B247D45090074266F /* SelfChallengePlay.swift */,
			);
			path = PlayViews;
			sourceTree = "<group>";
		};
		C6BF864926B515F600754C33 /* ContestFiles */ = {
			isa = PBXGroup;
			children = (
				C646506125DF86B9006588CC /* ContestLeaderboard.swift */,
				C646505F25DF86B9006588CC /* ContestResultsViewController.swift */,
				C646503325DF84F2006588CC /* ContestMainView.swift */,
				C646502E25DF846F006588CC /* ContestView.swift */,
			);
			path = ContestFiles;
			sourceTree = "<group>";
		};
		C6BF864A26B5162F00754C33 /* SelfChallengeFiles */ = {
			isa = PBXGroup;
			children = (
				9A3782CC247B757800EF6996 /* SelfChallengeController.swift */,
				9A3DA0D724866C2300879B2D /* SelfPlayResultView.swift */,
			);
			path = SelfChallengeFiles;
			sourceTree = "<group>";
		};
		C6BF864F26B5170B00754C33 /* TableViewCells */ = {
			isa = PBXGroup;
			children = (
				D7FCFC9421A57F4700718EE2 /* TableViewCell.swift */,
				BCE582D523DF068C006BD387 /* LanguageCell.swift */,
			);
			path = TableViewCells;
			sourceTree = "<group>";
		};
		C6BF865126B5174600754C33 /* TextViews */ = {
			isa = PBXGroup;
			children = (
				C6500A1623EAA7C400AC93BF /* AboutUsView.swift */,
				C605949B23ED70120047A2E1 /* InstructionsViewController.swift */,
				BC2080EC22701F160071B5F3 /* PrivacyView.swift */,
				BC0310A0229F9D2900923A3F /* TermsService.swift */,
			);
			path = TextViews;
			sourceTree = "<group>";
		};
		C6BF91E227DB3951007A4A1E /* MAINTENANCE_GIF */ = {
			isa = PBXGroup;
			children = (
				C67AC07827E2EF710053932B /* animation_200.gif */,
			);
			path = MAINTENANCE_GIF;
			sourceTree = "<group>";
		};
		C6DDF958267B073D0081FF79 /* BatttleRoomFiles */ = {
			isa = PBXGroup;
			children = (
				C6BF864126B513BF00754C33 /* BattleRoomResult.swift */,
				C6E49E022684A7F3002DAA39 /* GroupBattleTypeSelection.swift */,
				C6BF864226B513C000754C33 /* BattleUserScoreCell.swift */,
				BC69FF5F23EA922A009B5DF8 /* BattleStatisticsCell.swift */,
				C6BF864B26B516AB00754C33 /* AvailUserListCell.swift */,
				C6BF864D26B516F000754C33 /* RoomUserCell.swift */,
				C6494E1E26C2B069006FEB09 /* RoomBattleHelper.swift */,
				D7A611952233D7B8002D1E8C /* BattleViewController.swift */,
				C6677E1D27227B0000344C55 /* OneToOneBattleView.swift */,
				C6BF864026B513BF00754C33 /* GroupBattleView.swift */,
				C6BF864326B513C000754C33 /* ResultCell.swift */,
			);
			path = BatttleRoomFiles;
			sourceTree = "<group>";
		};
		C6DDF975267B5AA10081FF79 /* ColectionViewFiles */ = {
			isa = PBXGroup;
			children = (
				C60A7ADB2727B79900E856F7 /* CoinStoreViewController.swift */,
				C6DDF97B267B5AEB0081FF79 /* CategoryViewController.swift */,
				C66DD80B267E004600AE07A5 /* HomeScreenController.swift */,
				C6DDF977267B5AEB0081FF79 /* HomeTableViewCell.swift */,
				C6DDF97E267B5AEB0081FF79 /* LevelView.swift */,
				C6DDF97D267B5AEB0081FF79 /* QuizCollectionViewCell.swift */,
				C6DDF97C267B5AEB0081FF79 /* subCategoryViewController.swift */,
			);
			path = ColectionViewFiles;
			sourceTree = "<group>";
		};
		D7FCFC4D21A5282D00718EE2 = {
			isa = PBXGroup;
			children = (
				D7FCFC5821A5282D00718EE2 /* Quiz */,
				12C86B3ABD2F284E6287BBFB /* Frameworks */,
				70443A42987AA39518BA2769 /* Pods */,
				D7FCFC5721A5282D00718EE2 /* Products */,
				D7FCFC7021A5283C00718EE2 /* QuizTests */,
				D7FCFC7B21A5283C00718EE2 /* QuizUITests */,
			);
			sourceTree = "<group>";
		};
		D7FCFC5721A5282D00718EE2 /* Products */ = {
			isa = PBXGroup;
			children = (
				D7FCFC5621A5282D00718EE2 /* Quiz.app */,
				D7FCFC6D21A5283C00718EE2 /* QuizTests.xctest */,
				D7FCFC7821A5283C00718EE2 /* QuizUITests.xctest */,
			);
			name = Products;
			sourceTree = "<group>";
		};
		D7FCFC5821A5282D00718EE2 /* Quiz */ = {
			isa = PBXGroup;
			children = (
				C6BF91E227DB3951007A4A1E /* MAINTENANCE_GIF */,
				D767B1E22239260D00B0A588 /* Quiz.entitlements */,
				BCB79C50241CC78000465FEA /* GoogleService-Info.plist */,
				D7FCFC6821A5283C00718EE2 /* Info.plist */,
				D7FCFC5921A5282D00718EE2 /* AppDelegate.swift */,
				D7964A48223B8BAE00D847A4 /* BookmarkView.swift */,
				BCE582D723DF0767006BD387 /* LanguageView.swift */,
				D75C4C49223289AA006C68EF /* Leaderboard.swift */,
				C65A381B2747B7B400AF7B23 /* LearningView.swift */,
				D7FCFC8A21A52A6600718EE2 /* LoginView.swift */,
				C6BFF40027C66B1000DE1173 /* UserSignUpViewController.swift */,
				C66221D723E95B9A000519DC /* MoreOptionsViewController.swift */,
				C662045423DFEB770028ED5B /* NotificationsView.swift */,
				BC62687E23E04652008E3B38 /* ReferAndEarnView.swift */,
				D74A119921A6B8B60026B327 /* ResultsViewController.swift */,
				C67708AC23D0394800DC90B5 /* SystemConfig.swift */,
				D79A4E00223A730000F98E75 /* UpdateProfileView.swift */,
				BCBE508D23E55DA3001FD5A9 /* UserStatisticsView.swift */,
				D7FCFC6321A5283C00718EE2 /* Assets.xcassets */,
				BC029824229CF40A00A50E80 /* AlertView */,
				BC029826229CF47400A50E80 /* AssetsFile */,
				C6DDF958267B073D0081FF79 /* BatttleRoomFiles */,
				C6DDF975267B5AA10081FF79 /* ColectionViewFiles */,
				C6BF864926B515F600754C33 /* ContestFiles */,
				BC029825229CF43900A50E80 /* ExtensionFile */,
				C69C9F192680568400B7A1C4 /* Ipad.storyboard */,
				D7FCFC6521A5283C00718EE2 /* LaunchScreen.storyboard */,
				D7FCFC5D21A5282D00718EE2 /* Main.storyboard */,
				BC5EAF6522B21A3A00094DF8 /* PlayViews */,
				D7FCFC6021A5282D00718EE2 /* Quiz.xcdatamodeld */,
				C6BF864A26B5162F00754C33 /* SelfChallengeFiles */,
				C6BF864F26B5170B00754C33 /* TableViewCells */,
				C6BF865126B5174600754C33 /* TextViews */,
			);
			path = Quiz;
			sourceTree = "<group>";
		};
		D7FCFC7021A5283C00718EE2 /* QuizTests */ = {
			isa = PBXGroup;
			children = (
				D7FCFC7121A5283C00718EE2 /* QuizTests.swift */,
				D7FCFC7321A5283C00718EE2 /* Info.plist */,
			);
			path = QuizTests;
			sourceTree = "<group>";
		};
		D7FCFC7B21A5283C00718EE2 /* QuizUITests */ = {
			isa = PBXGroup;
			children = (
				D7FCFC7C21A5283C00718EE2 /* QuizUITests.swift */,
				D7FCFC7E21A5283C00718EE2 /* Info.plist */,
			);
			path = QuizUITests;
			sourceTree = "<group>";
		};
/* End PBXGroup section */

/* Begin PBXNativeTarget section */
		D7FCFC5521A5282D00718EE2 /* Quiz */ = {
			isa = PBXNativeTarget;
			buildConfigurationList = D7FCFC8121A5283C00718EE2 /* Build configuration list for PBXNativeTarget "Quiz" */;
			buildPhases = (
				E8814AA7E30BB43588B33AAC /* [CP] Check Pods Manifest.lock */,
				D7FCFC5221A5282D00718EE2 /* Sources */,
				D7FCFC5321A5282D00718EE2 /* Frameworks */,
				D7FCFC5421A5282D00718EE2 /* Resources */,
				C6F6600123F67B0600015F15 /* Embed App Extensions */,
				3A643A921A5C94D8440471EE /* [CP] Embed Pods Frameworks */,
			);
			buildRules = (
			);
			dependencies = (
			);
			name = Quiz;
			productName = Quiz;
			productReference = D7FCFC5621A5282D00718EE2 /* Quiz.app */;
			productType = "com.apple.product-type.application";
		};
		D7FCFC6C21A5283C00718EE2 /* QuizTests */ = {
			isa = PBXNativeTarget;
			buildConfigurationList = D7FCFC8421A5283C00718EE2 /* Build configuration list for PBXNativeTarget "QuizTests" */;
			buildPhases = (
				F6142EABF1B73A33E0D49C32 /* [CP] Check Pods Manifest.lock */,
				D7FCFC6921A5283C00718EE2 /* Sources */,
				D7FCFC6A21A5283C00718EE2 /* Frameworks */,
				D7FCFC6B21A5283C00718EE2 /* Resources */,
			);
			buildRules = (
			);
			dependencies = (
				D7FCFC6F21A5283C00718EE2 /* PBXTargetDependency */,
			);
			name = QuizTests;
			productName = QuizTests;
			productReference = D7FCFC6D21A5283C00718EE2 /* QuizTests.xctest */;
			productType = "com.apple.product-type.bundle.unit-test";
		};
		D7FCFC7721A5283C00718EE2 /* QuizUITests */ = {
			isa = PBXNativeTarget;
			buildConfigurationList = D7FCFC8721A5283C00718EE2 /* Build configuration list for PBXNativeTarget "QuizUITests" */;
			buildPhases = (
				0BB34A9FF90438D512C90B3B /* [CP] Check Pods Manifest.lock */,
				D7FCFC7421A5283C00718EE2 /* Sources */,
				D7FCFC7521A5283C00718EE2 /* Frameworks */,
				D7FCFC7621A5283C00718EE2 /* Resources */,
			);
			buildRules = (
			);
			dependencies = (
				D7FCFC7A21A5283C00718EE2 /* PBXTargetDependency */,
			);
			name = QuizUITests;
			productName = QuizUITests;
			productReference = D7FCFC7821A5283C00718EE2 /* QuizUITests.xctest */;
			productType = "com.apple.product-type.bundle.ui-testing";
		};
/* End PBXNativeTarget section */

/* Begin PBXProject section */
		D7FCFC4E21A5282D00718EE2 /* Project object */ = {
			isa = PBXProject;
			attributes = {
				LastSwiftUpdateCheck = 1130;
				LastUpgradeCheck = 1200;
				ORGANIZATIONNAME = "WR Team";
				TargetAttributes = {
					D7FCFC5521A5282D00718EE2 = {
						CreatedOnToolsVersion = 10.1;
						LastSwiftMigration = 1160;
						SystemCapabilities = {
							com.apple.BackgroundModes = {
								enabled = 0;
							};
							com.apple.Push = {
								enabled = 1;
							};
						};
					};
					D7FCFC6C21A5283C00718EE2 = {
						CreatedOnToolsVersion = 10.1;
						LastSwiftMigration = 1160;
						TestTargetID = D7FCFC5521A5282D00718EE2;
					};
					D7FCFC7721A5283C00718EE2 = {
						CreatedOnToolsVersion = 10.1;
						LastSwiftMigration = 1160;
						TestTargetID = D7FCFC5521A5282D00718EE2;
					};
				};
			};
			buildConfigurationList = D7FCFC5121A5282D00718EE2 /* Build configuration list for PBXProject "Quiz" */;
			compatibilityVersion = "Xcode 9.3";
			developmentRegion = en;
			hasScannedForEncodings = 0;
			knownRegions = (
				en,
				Base,
			);
			mainGroup = D7FCFC4D21A5282D00718EE2;
			productRefGroup = D7FCFC5721A5282D00718EE2 /* Products */;
			projectDirPath = "";
			projectRoot = "";
			targets = (
				D7FCFC5521A5282D00718EE2 /* Quiz */,
				D7FCFC6C21A5283C00718EE2 /* QuizTests */,
				D7FCFC7721A5283C00718EE2 /* QuizUITests */,
			);
		};
/* End PBXProject section */

/* Begin PBXResourcesBuildPhase section */
		D7FCFC5421A5282D00718EE2 /* Resources */ = {
			isa = PBXResourcesBuildPhase;
			buildActionMask = 2147483647;
			files = (
				C69C9F1B2680568400B7A1C4 /* Ipad.storyboard in Resources */,
				D7FCFC6721A5283C00718EE2 /* LaunchScreen.storyboard in Resources */,
				C67AC07927E2EF710053932B /* animation_200.gif in Resources */,
				BCB79C51241CC78000465FEA /* GoogleService-Info.plist in Resources */,
				D791BA9C2240B9AD00F6671C /* snd_bg.mp3 in Resources */,
				9A2E3E4324F4CC860099144B /* click.mp3 in Resources */,
				D791BA9E2240B9AD00F6671C /* wrong.mp3 in Resources */,
				D791BA9D2240B9AD00F6671C /* right.mp3 in Resources */,
				D7FCFC6421A5283C00718EE2 /* Assets.xcassets in Resources */,
				D7FCFC5F21A5282D00718EE2 /* Main.storyboard in Resources */,
			);
			runOnlyForDeploymentPostprocessing = 0;
		};
		D7FCFC6B21A5283C00718EE2 /* Resources */ = {
			isa = PBXResourcesBuildPhase;
			buildActionMask = 2147483647;
			files = (
			);
			runOnlyForDeploymentPostprocessing = 0;
		};
		D7FCFC7621A5283C00718EE2 /* Resources */ = {
			isa = PBXResourcesBuildPhase;
			buildActionMask = 2147483647;
			files = (
			);
			runOnlyForDeploymentPostprocessing = 0;
		};
/* End PBXResourcesBuildPhase section */

/* Begin PBXShellScriptBuildPhase section */
		0BB34A9FF90438D512C90B3B /* [CP] Check Pods Manifest.lock */ = {
			isa = PBXShellScriptBuildPhase;
			buildActionMask = 2147483647;
			files = (
			);
			inputFileListPaths = (
			);
			inputPaths = (
				"${PODS_PODFILE_DIR_PATH}/Podfile.lock",
				"${PODS_ROOT}/Manifest.lock",
			);
			name = "[CP] Check Pods Manifest.lock";
			outputFileListPaths = (
			);
			outputPaths = (
				"$(DERIVED_FILE_DIR)/Pods-QuizUITests-checkManifestLockResult.txt",
			);
			runOnlyForDeploymentPostprocessing = 0;
			shellPath = /bin/sh;
			shellScript = "diff \"${PODS_PODFILE_DIR_PATH}/Podfile.lock\" \"${PODS_ROOT}/Manifest.lock\" > /dev/null\nif [ $? != 0 ] ; then\n    # print error to STDERR\n    echo \"error: The sandbox is not in sync with the Podfile.lock. Run 'pod install' or update your CocoaPods installation.\" >&2\n    exit 1\nfi\n# This output is used by Xcode 'outputs' to avoid re-running this script phase.\necho \"SUCCESS\" > \"${SCRIPT_OUTPUT_FILE_0}\"\n";
			showEnvVarsInLog = 0;
		};
		3A643A921A5C94D8440471EE /* [CP] Embed Pods Frameworks */ = {
			isa = PBXShellScriptBuildPhase;
			buildActionMask = 2147483647;
			files = (
			);
			inputFileListPaths = (
				"${PODS_ROOT}/Target Support Files/Pods-Quiz/Pods-Quiz-frameworks-${CONFIGURATION}-input-files.xcfilelist",
			);
			name = "[CP] Embed Pods Frameworks";
			outputFileListPaths = (
				"${PODS_ROOT}/Target Support Files/Pods-Quiz/Pods-Quiz-frameworks-${CONFIGURATION}-output-files.xcfilelist",
			);
			runOnlyForDeploymentPostprocessing = 0;
			shellPath = /bin/sh;
			shellScript = "\"${PODS_ROOT}/Target Support Files/Pods-Quiz/Pods-Quiz-frameworks.sh\"\n";
			showEnvVarsInLog = 0;
		};
		E8814AA7E30BB43588B33AAC /* [CP] Check Pods Manifest.lock */ = {
			isa = PBXShellScriptBuildPhase;
			buildActionMask = 2147483647;
			files = (
			);
			inputFileListPaths = (
			);
			inputPaths = (
				"${PODS_PODFILE_DIR_PATH}/Podfile.lock",
				"${PODS_ROOT}/Manifest.lock",
			);
			name = "[CP] Check Pods Manifest.lock";
			outputFileListPaths = (
			);
			outputPaths = (
				"$(DERIVED_FILE_DIR)/Pods-Quiz-checkManifestLockResult.txt",
			);
			runOnlyForDeploymentPostprocessing = 0;
			shellPath = /bin/sh;
			shellScript = "diff \"${PODS_PODFILE_DIR_PATH}/Podfile.lock\" \"${PODS_ROOT}/Manifest.lock\" > /dev/null\nif [ $? != 0 ] ; then\n    # print error to STDERR\n    echo \"error: The sandbox is not in sync with the Podfile.lock. Run 'pod install' or update your CocoaPods installation.\" >&2\n    exit 1\nfi\n# This output is used by Xcode 'outputs' to avoid re-running this script phase.\necho \"SUCCESS\" > \"${SCRIPT_OUTPUT_FILE_0}\"\n";
			showEnvVarsInLog = 0;
		};
		F6142EABF1B73A33E0D49C32 /* [CP] Check Pods Manifest.lock */ = {
			isa = PBXShellScriptBuildPhase;
			buildActionMask = 2147483647;
			files = (
			);
			inputFileListPaths = (
			);
			inputPaths = (
				"${PODS_PODFILE_DIR_PATH}/Podfile.lock",
				"${PODS_ROOT}/Manifest.lock",
			);
			name = "[CP] Check Pods Manifest.lock";
			outputFileListPaths = (
			);
			outputPaths = (
				"$(DERIVED_FILE_DIR)/Pods-QuizTests-checkManifestLockResult.txt",
			);
			runOnlyForDeploymentPostprocessing = 0;
			shellPath = /bin/sh;
			shellScript = "diff \"${PODS_PODFILE_DIR_PATH}/Podfile.lock\" \"${PODS_ROOT}/Manifest.lock\" > /dev/null\nif [ $? != 0 ] ; then\n    # print error to STDERR\n    echo \"error: The sandbox is not in sync with the Podfile.lock. Run 'pod install' or update your CocoaPods installation.\" >&2\n    exit 1\nfi\n# This output is used by Xcode 'outputs' to avoid re-running this script phase.\necho \"SUCCESS\" > \"${SCRIPT_OUTPUT_FILE_0}\"\n";
			showEnvVarsInLog = 0;
		};
/* End PBXShellScriptBuildPhase section */

/* Begin PBXSourcesBuildPhase section */
		D7FCFC5221A5282D00718EE2 /* Sources */ = {
			isa = PBXSourcesBuildPhase;
			buildActionMask = 2147483647;
			files = (
				C63C1D25268983FA00285DBB /* EnterInGroupBattleAlert.swift in Sources */,
				BC7B0BFB224D36240051D894 /* QuizSetting.swift in Sources */,
				D76C6EEC222FD4AA00A7458C /* ReView.swift in Sources */,
				BC0375A0227D530C006C0042 /* BookmarkPlayView.swift in Sources */,
				BC029823229CE4B800A50E80 /* RobotAlert.swift in Sources */,
				C65A381C2747B7B400AF7B23 /* LearningView.swift in Sources */,
				9A3DA0D62486306500879B2D /* SelfAttempAlertView.swift in Sources */,
				BC2080ED22701F160071B5F3 /* PrivacyView.swift in Sources */,
				C646503425DF84F2006588CC /* ContestMainView.swift in Sources */,
				D7FCFC6221A5282D00718EE2 /* Quiz.xcdatamodeld in Sources */,
				C6BF864626B513C000754C33 /* BattleUserScoreCell.swift in Sources */,
				C646502F25DF846F006588CC /* ContestView.swift in Sources */,
				C6DDF984267B5AEB0081FF79 /* CategoryViewController.swift in Sources */,
				C6FC8FE525DAA2B1000046F9 /* OTPController.swift in Sources */,
				C6677E1E27227B0100344C55 /* OneToOneBattleView.swift in Sources */,
				C6DDF985267B5AEB0081FF79 /* subCategoryViewController.swift in Sources */,
				BC11D56022A4FD740035A6B4 /* ControllerExtension.swift in Sources */,
				C6BF864526B513C000754C33 /* BattleRoomResult.swift in Sources */,
				BC16479B22548E2E00FB7810 /* Structure.swift in Sources */,
				C646506225DF86B9006588CC /* ContestLeaderboard.swift in Sources */,
				C66220E327DB5CA700E0D8DE /* MaintenanceAlert.swift in Sources */,
				C6DDF972267B16E50081FF79 /* Helper.swift in Sources */,
				C6494E1F26C2B069006FEB09 /* RoomBattleHelper.swift in Sources */,
				C6DDF986267B5AEB0081FF79 /* QuizCollectionViewCell.swift in Sources */,
				D7A611962233D7B9002D1E8C /* BattleViewController.swift in Sources */,
				D7FCFC8B21A52A6600718EE2 /* LoginView.swift in Sources */,
				BC5105602278C48E005377C8 /* BattlePlayController.swift in Sources */,
				9AEF45562462FEB700B96893 /* DesignController.swift in Sources */,
				BC69FF6023EA922A009B5DF8 /* BattleStatisticsCell.swift in Sources */,
				C6DDA8D2260245A2006AC97D /* GradientButton.swift in Sources */,
				C6528610273E203100A9B9D5 /* BattleResultAlert.swift in Sources */,
				C6A7E2C927575271003AA562 /* PlayMathQuizView.swift in Sources */,
				C6BF864C26B516AB00754C33 /* AvailUserListCell.swift in Sources */,
				C6E49E032684A7F3002DAA39 /* GroupBattleTypeSelection.swift in Sources */,
				C67708AD23D0394900DC90B5 /* SystemConfig.swift in Sources */,
				C66221D823E95B9A000519DC /* MoreOptionsViewController.swift in Sources */,
				C6DDF957267B010B0081FF79 /* RoomBattlePlayView.swift in Sources */,
				C6BF864E26B516F000754C33 /* RoomUserCell.swift in Sources */,
				D79A4E01223A730000F98E75 /* UpdateProfileView.swift in Sources */,
				BCBE508E23E55DA3001FD5A9 /* UserStatisticsView.swift in Sources */,
				9A3DA0D824866C2300879B2D /* SelfPlayResultView.swift in Sources */,
				D7964A49223B8BAF00D847A4 /* BookmarkView.swift in Sources */,
				BC02A0BA22A919E90089025C /* FloatingTF.swift in Sources */,
				C60A7ADC2727B79A00E856F7 /* CoinStoreViewController.swift in Sources */,
				BC7B0BFD224D3F860051D894 /* ExtensionFile.swift in Sources */,
				C662045523DFEB770028ED5B /* NotificationsView.swift in Sources */,
				BC05417B229BB31400220644 /* RobotPlayView.swift in Sources */,
				C6BF864426B513C000754C33 /* GroupBattleView.swift in Sources */,
				C6DDF987267B5AEB0081FF79 /* LevelView.swift in Sources */,
				D74A119A21A6B8B60026B327 /* ResultsViewController.swift in Sources */,
				BCE582D623DF068C006BD387 /* LanguageCell.swift in Sources */,
				C6DDF980267B5AEB0081FF79 /* HomeTableViewCell.swift in Sources */,
				C6BFF40127C66B1000DE1173 /* UserSignUpViewController.swift in Sources */,
				C6270F4D27B2823C004CE734 /* SettingsAlert.swift in Sources */,
				D7FCFC9521A57F4700718EE2 /* TableViewCell.swift in Sources */,
				D75C4C4A223289AB006C68EF /* Leaderboard.swift in Sources */,
				D7FCFC5A21A5282D00718EE2 /* AppDelegate.swift in Sources */,
				BC03109F229F964B00923A3F /* ImagePickerManager.swift in Sources */,
				C66DD80C267E004600AE07A5 /* HomeScreenController.swift in Sources */,
				BC62687F23E04652008E3B38 /* ReferAndEarnView.swift in Sources */,
				C6BF864726B513C000754C33 /* ResultCell.swift in Sources */,
				C626F9E4273A6299009FD268 /* OneToOneRoomBattlePlayView.swift in Sources */,
				BCE582D823DF0767006BD387 /* LanguageView.swift in Sources */,
				C6D2143D26B80E270035E8E2 /* ForgotPswdView.swift in Sources */,
				D74A119821A6B4D80026B327 /* PlayQuizView.swift in Sources */,
				9A7F9C6C247D45090074266F /* SelfChallengePlay.swift in Sources */,
				9A3782CD247B757800EF6996 /* SelfChallengeController.swift in Sources */,
				C605949C23ED70120047A2E1 /* InstructionsViewController.swift in Sources */,
				C639AEB625E1526E00534FE5 /* SignUpViewMobileController.swift in Sources */,
				D7BCD04C222AA86500B7E531 /* CircularProgressBar.swift in Sources */,
				C6500A1723EAA7C400AC93BF /* AboutUsView.swift in Sources */,
				C646506325DF86B9006588CC /* PlayContestView.swift in Sources */,
				BC0139FF2281483A009DA93B /* ResultAlert.swift in Sources */,
				C646506425DF86B9006588CC /* ContestResultsViewController.swift in Sources */,
				BC0310A1229F9D2900923A3F /* TermsService.swift in Sources */,
			);
			runOnlyForDeploymentPostprocessing = 0;
		};
		D7FCFC6921A5283C00718EE2 /* Sources */ = {
			isa = PBXSourcesBuildPhase;
			buildActionMask = 2147483647;
			files = (
				D7FCFC7221A5283C00718EE2 /* QuizTests.swift in Sources */,
			);
			runOnlyForDeploymentPostprocessing = 0;
		};
		D7FCFC7421A5283C00718EE2 /* Sources */ = {
			isa = PBXSourcesBuildPhase;
			buildActionMask = 2147483647;
			files = (
				D7FCFC7D21A5283C00718EE2 /* QuizUITests.swift in Sources */,
			);
			runOnlyForDeploymentPostprocessing = 0;
		};
/* End PBXSourcesBuildPhase section */

/* Begin PBXTargetDependency section */
		D7FCFC6F21A5283C00718EE2 /* PBXTargetDependency */ = {
			isa = PBXTargetDependency;
			target = D7FCFC5521A5282D00718EE2 /* Quiz */;
			targetProxy = D7FCFC6E21A5283C00718EE2 /* PBXContainerItemProxy */;
		};
		D7FCFC7A21A5283C00718EE2 /* PBXTargetDependency */ = {
			isa = PBXTargetDependency;
			target = D7FCFC5521A5282D00718EE2 /* Quiz */;
			targetProxy = D7FCFC7921A5283C00718EE2 /* PBXContainerItemProxy */;
		};
/* End PBXTargetDependency section */

/* Begin PBXVariantGroup section */
		C69C9F192680568400B7A1C4 /* Ipad.storyboard */ = {
			isa = PBXVariantGroup;
			children = (
				C69C9F1A2680568400B7A1C4 /* Base */,
			);
			name = Ipad.storyboard;
			sourceTree = "<group>";
		};
		D7FCFC5D21A5282D00718EE2 /* Main.storyboard */ = {
			isa = PBXVariantGroup;
			children = (
				D7FCFC5E21A5282D00718EE2 /* Base */,
			);
			name = Main.storyboard;
			sourceTree = "<group>";
		};
		D7FCFC6521A5283C00718EE2 /* LaunchScreen.storyboard */ = {
			isa = PBXVariantGroup;
			children = (
				D7FCFC6621A5283C00718EE2 /* Base */,
			);
			name = LaunchScreen.storyboard;
			sourceTree = "<group>";
		};
/* End PBXVariantGroup section */

/* Begin XCBuildConfiguration section */
		D7FCFC7F21A5283C00718EE2 /* Debug */ = {
			isa = XCBuildConfiguration;
			buildSettings = {
				ALWAYS_SEARCH_USER_PATHS = NO;
				CLANG_ANALYZER_NONNULL = YES;
				CLANG_ANALYZER_NUMBER_OBJECT_CONVERSION = YES_AGGRESSIVE;
				CLANG_CXX_LANGUAGE_STANDARD = "gnu++14";
				CLANG_CXX_LIBRARY = "libc++";
				CLANG_ENABLE_MODULES = YES;
				CLANG_ENABLE_OBJC_ARC = YES;
				CLANG_ENABLE_OBJC_WEAK = YES;
				CLANG_WARN_BLOCK_CAPTURE_AUTORELEASING = YES;
				CLANG_WARN_BOOL_CONVERSION = YES;
				CLANG_WARN_COMMA = YES;
				CLANG_WARN_CONSTANT_CONVERSION = YES;
				CLANG_WARN_DEPRECATED_OBJC_IMPLEMENTATIONS = YES;
				CLANG_WARN_DIRECT_OBJC_ISA_USAGE = YES_ERROR;
				CLANG_WARN_DOCUMENTATION_COMMENTS = YES;
				CLANG_WARN_EMPTY_BODY = YES;
				CLANG_WARN_ENUM_CONVERSION = YES;
				CLANG_WARN_INFINITE_RECURSION = YES;
				CLANG_WARN_INT_CONVERSION = YES;
				CLANG_WARN_NON_LITERAL_NULL_CONVERSION = YES;
				CLANG_WARN_OBJC_IMPLICIT_RETAIN_SELF = YES;
				CLANG_WARN_OBJC_LITERAL_CONVERSION = YES;
				CLANG_WARN_OBJC_ROOT_CLASS = YES_ERROR;
				CLANG_WARN_QUOTED_INCLUDE_IN_FRAMEWORK_HEADER = YES;
				CLANG_WARN_RANGE_LOOP_ANALYSIS = YES;
				CLANG_WARN_STRICT_PROTOTYPES = YES;
				CLANG_WARN_SUSPICIOUS_MOVE = YES;
				CLANG_WARN_UNGUARDED_AVAILABILITY = YES_AGGRESSIVE;
				CLANG_WARN_UNREACHABLE_CODE = YES;
				CLANG_WARN__DUPLICATE_METHOD_MATCH = YES;
				CODE_SIGN_IDENTITY = "iPhone Developer: Harish Vekariya (QA5UX5B4B6)";
				CODE_SIGN_STYLE = Manual;
				COPY_PHASE_STRIP = NO;
				DEBUG_INFORMATION_FORMAT = dwarf;
				ENABLE_STRICT_OBJC_MSGSEND = YES;
				ENABLE_TESTABILITY = YES;
				"EXCLUDED_ARCHS[sdk=*]" = arm64;
				GCC_C_LANGUAGE_STANDARD = gnu11;
				GCC_DYNAMIC_NO_PIC = NO;
				GCC_NO_COMMON_BLOCKS = YES;
				GCC_OPTIMIZATION_LEVEL = 0;
				GCC_PREPROCESSOR_DEFINITIONS = (
					"DEBUG=1",
					"$(inherited)",
				);
				GCC_WARN_64_TO_32_BIT_CONVERSION = YES;
				GCC_WARN_ABOUT_RETURN_TYPE = YES_ERROR;
				GCC_WARN_UNDECLARED_SELECTOR = YES;
				GCC_WARN_UNINITIALIZED_AUTOS = YES_AGGRESSIVE;
				GCC_WARN_UNUSED_FUNCTION = YES;
				GCC_WARN_UNUSED_VARIABLE = YES;
				IPHONEOS_DEPLOYMENT_TARGET = 13.0;
				MTL_ENABLE_DEBUG_INFO = INCLUDE_SOURCE;
				MTL_FAST_MATH = YES;
				ONLY_ACTIVE_ARCH = YES;
				PROVISIONING_PROFILE_SPECIFIER = "iPhone Developer: Harish Vekariya (QA5UX5B4B6)";
				SDKROOT = iphoneos;
				SWIFT_ACTIVE_COMPILATION_CONDITIONS = DEBUG;
				SWIFT_OPTIMIZATION_LEVEL = "-Onone";
			};
			name = Debug;
		};
		D7FCFC8021A5283C00718EE2 /* Release */ = {
			isa = XCBuildConfiguration;
			buildSettings = {
				ALWAYS_SEARCH_USER_PATHS = NO;
				CLANG_ANALYZER_NONNULL = YES;
				CLANG_ANALYZER_NUMBER_OBJECT_CONVERSION = YES_AGGRESSIVE;
				CLANG_CXX_LANGUAGE_STANDARD = "gnu++14";
				CLANG_CXX_LIBRARY = "libc++";
				CLANG_ENABLE_MODULES = YES;
				CLANG_ENABLE_OBJC_ARC = YES;
				CLANG_ENABLE_OBJC_WEAK = YES;
				CLANG_WARN_BLOCK_CAPTURE_AUTORELEASING = YES;
				CLANG_WARN_BOOL_CONVERSION = YES;
				CLANG_WARN_COMMA = YES;
				CLANG_WARN_CONSTANT_CONVERSION = YES;
				CLANG_WARN_DEPRECATED_OBJC_IMPLEMENTATIONS = YES;
				CLANG_WARN_DIRECT_OBJC_ISA_USAGE = YES_ERROR;
				CLANG_WARN_DOCUMENTATION_COMMENTS = YES;
				CLANG_WARN_EMPTY_BODY = YES;
				CLANG_WARN_ENUM_CONVERSION = YES;
				CLANG_WARN_INFINITE_RECURSION = YES;
				CLANG_WARN_INT_CONVERSION = YES;
				CLANG_WARN_NON_LITERAL_NULL_CONVERSION = YES;
				CLANG_WARN_OBJC_IMPLICIT_RETAIN_SELF = YES;
				CLANG_WARN_OBJC_LITERAL_CONVERSION = YES;
				CLANG_WARN_OBJC_ROOT_CLASS = YES_ERROR;
				CLANG_WARN_QUOTED_INCLUDE_IN_FRAMEWORK_HEADER = YES;
				CLANG_WARN_RANGE_LOOP_ANALYSIS = YES;
				CLANG_WARN_STRICT_PROTOTYPES = YES;
				CLANG_WARN_SUSPICIOUS_MOVE = YES;
				CLANG_WARN_UNGUARDED_AVAILABILITY = YES_AGGRESSIVE;
				CLANG_WARN_UNREACHABLE_CODE = YES;
				CLANG_WARN__DUPLICATE_METHOD_MATCH = YES;
				CODE_SIGN_IDENTITY = "iPhone Developer";
				CODE_SIGN_STYLE = Manual;
				COPY_PHASE_STRIP = NO;
				DEBUG_INFORMATION_FORMAT = "dwarf-with-dsym";
				ENABLE_NS_ASSERTIONS = NO;
				ENABLE_STRICT_OBJC_MSGSEND = YES;
				EXCLUDED_ARCHS = arm64;
				GCC_C_LANGUAGE_STANDARD = gnu11;
				GCC_NO_COMMON_BLOCKS = YES;
				GCC_WARN_64_TO_32_BIT_CONVERSION = YES;
				GCC_WARN_ABOUT_RETURN_TYPE = YES_ERROR;
				GCC_WARN_UNDECLARED_SELECTOR = YES;
				GCC_WARN_UNINITIALIZED_AUTOS = YES_AGGRESSIVE;
				GCC_WARN_UNUSED_FUNCTION = YES;
				GCC_WARN_UNUSED_VARIABLE = YES;
				IPHONEOS_DEPLOYMENT_TARGET = 13.0;
				MTL_ENABLE_DEBUG_INFO = NO;
				MTL_FAST_MATH = YES;
				SDKROOT = iphoneos;
				SWIFT_COMPILATION_MODE = wholemodule;
				SWIFT_OPTIMIZATION_LEVEL = "-O";
				VALIDATE_PRODUCT = YES;
			};
			name = Release;
		};
		D7FCFC8221A5283C00718EE2 /* Debug */ = {
			isa = XCBuildConfiguration;
			baseConfigurationReference = 0817597AF4B8F810DCE7B79D /* Pods-Quiz.debug.xcconfig */;
			buildSettings = {
				ASSETCATALOG_COMPILER_APPICON_NAME = AppIcon;
				CODE_SIGN_ENTITLEMENTS = Quiz/Quiz.entitlements;
				CODE_SIGN_IDENTITY = "Apple Development";
				CODE_SIGN_STYLE = Automatic;
				CURRENT_PROJECT_VERSION = 2;
				DEVELOPMENT_TEAM = 89C47N4UTZ;
				FRAMEWORK_SEARCH_PATHS = (
					"$(inherited)",
					"\"${PODS_CONFIGURATION_BUILD_DIR}/AppAuth\"",
					"\"${PODS_CONFIGURATION_BUILD_DIR}/EVTopTabBar\"",
					"\"${PODS_CONFIGURATION_BUILD_DIR}/FBSDKCoreKit\"",
					"\"${PODS_CONFIGURATION_BUILD_DIR}/FBSDKLoginKit\"",
					"\"${PODS_CONFIGURATION_BUILD_DIR}/FBSDKPlacesKit\"",
					"\"${PODS_CONFIGURATION_BUILD_DIR}/FBSDKShareKit\"",
					"\"${PODS_CONFIGURATION_BUILD_DIR}/GTMAppAuth\"",
					"\"${PODS_CONFIGURATION_BUILD_DIR}/GTMSessionFetcher\"",
					"\"${PODS_CONFIGURATION_BUILD_DIR}/GoogleDataTransport\"",
					"\"${PODS_CONFIGURATION_BUILD_DIR}/GoogleSignIn\"",
					"\"${PODS_CONFIGURATION_BUILD_DIR}/GoogleUtilities\"",
					"\"${PODS_CONFIGURATION_BUILD_DIR}/PromisesObjC\"",
					"\"${PODS_CONFIGURATION_BUILD_DIR}/ReachabilitySwift\"",
					"\"${PODS_CONFIGURATION_BUILD_DIR}/SwiftyCrypto\"",
					"\"${PODS_CONFIGURATION_BUILD_DIR}/SwiftyJWT\"",
					"\"${PODS_CONFIGURATION_BUILD_DIR}/leveldb-library\"",
					"\"${PODS_CONFIGURATION_BUILD_DIR}/lottie-ios\"",
					"\"${PODS_CONFIGURATION_BUILD_DIR}/nanopb\"",
					"\"${PODS_ROOT}/FBAudienceNetwork/Static\"",
					"\"${PODS_ROOT}/FBSDKMarketingKit\"",
					"\"${PODS_ROOT}/Google-Mobile-Ads-SDK/Frameworks/GoogleMobileAdsFramework-Current\"",
					"\"${PODS_ROOT}/GoogleAppMeasurement/Frameworks\"",
					"\"${PODS_ROOT}/GoogleUserMessagingPlatform/Frameworks/Release\"",
					"\"${PODS_XCFRAMEWORKS_BUILD_DIR}/FBAudienceNetwork\"",
					"\"${PODS_XCFRAMEWORKS_BUILD_DIR}/Google-Mobile-Ads-SDK\"",
					"\"${PODS_XCFRAMEWORKS_BUILD_DIR}/GoogleAppMeasurement/AdIdSupport\"",
					"\"${PODS_XCFRAMEWORKS_BUILD_DIR}/GoogleAppMeasurement/WithoutAdIdSupport\"",
					"\"${PODS_XCFRAMEWORKS_BUILD_DIR}/GoogleUserMessagingPlatform\"",
					"\"${PODS_CONFIGURATION_BUILD_DIR}/FirebaseCore\"",
					"\"${PODS_CONFIGURATION_BUILD_DIR}/FirebaseCoreDiagnostics\"",
					"\"${PODS_CONFIGURATION_BUILD_DIR}/FirebaseDatabase\"",
				);
				HEADER_SEARCH_PATHS = (
					"$(inherited)",
					"\"${PODS_CONFIGURATION_BUILD_DIR}/AppAuth/AppAuth.framework/Headers\"",
					"\"${PODS_CONFIGURATION_BUILD_DIR}/EVTopTabBar/EVTopTabBar.framework/Headers\"",
					"\"${PODS_CONFIGURATION_BUILD_DIR}/FBSDKCoreKit/FBSDKCoreKit.framework/Headers\"",
					"\"${PODS_CONFIGURATION_BUILD_DIR}/FBSDKLoginKit/FBSDKLoginKit.framework/Headers\"",
					"\"${PODS_CONFIGURATION_BUILD_DIR}/FBSDKPlacesKit/FBSDKPlacesKit.framework/Headers\"",
					"\"${PODS_CONFIGURATION_BUILD_DIR}/FBSDKShareKit/FBSDKShareKit.framework/Headers\"",
					"\"${PODS_CONFIGURATION_BUILD_DIR}/GTMAppAuth/GTMAppAuth.framework/Headers\"",
					"\"${PODS_CONFIGURATION_BUILD_DIR}/GTMSessionFetcher/GTMSessionFetcher.framework/Headers\"",
					"\"${PODS_CONFIGURATION_BUILD_DIR}/GoogleDataTransport/GoogleDataTransport.framework/Headers\"",
					"\"${PODS_CONFIGURATION_BUILD_DIR}/GoogleSignIn/GoogleSignIn.framework/Headers\"",
					"\"${PODS_CONFIGURATION_BUILD_DIR}/GoogleUtilities/GoogleUtilities.framework/Headers\"",
					"\"${PODS_CONFIGURATION_BUILD_DIR}/PromisesObjC/FBLPromises.framework/Headers\"",
					"\"${PODS_CONFIGURATION_BUILD_DIR}/ReachabilitySwift/Reachability.framework/Headers\"",
					"\"${PODS_CONFIGURATION_BUILD_DIR}/SwiftyCrypto/SwiftyCrypto.framework/Headers\"",
					"\"${PODS_CONFIGURATION_BUILD_DIR}/SwiftyJWT/SwiftyJWT.framework/Headers\"",
					"\"${PODS_CONFIGURATION_BUILD_DIR}/leveldb-library/leveldb.framework/Headers\"",
					"\"${PODS_CONFIGURATION_BUILD_DIR}/lottie-ios/Lottie.framework/Headers\"",
					"\"${PODS_CONFIGURATION_BUILD_DIR}/nanopb/nanopb.framework/Headers\"",
					"\"${PODS_ROOT}/Headers/Public\"",
					"\"${PODS_ROOT}/Headers/Public/Firebase\"",
					"$(inherited)",
					"${PODS_ROOT}/Firebase/CoreOnly/Sources",
					"\"${PODS_TARGET_SRCROOT}/Sources/FBLPromises/include\"",
					"\"${PODS_CONFIGURATION_BUILD_DIR}/FirebaseCore/FirebaseCore.framework/Headers\"",
					"\"${PODS_CONFIGURATION_BUILD_DIR}/FirebaseCoreDiagnostics/FirebaseCoreDiagnostics.framework/Headers\"",
					"\"${PODS_CONFIGURATION_BUILD_DIR}/FirebaseDatabase/FirebaseDatabase.framework/Headers\"",
					"\"${PODS_ROOT}/Headers/Public/Firebase\"",
				);
				INFOPLIST_FILE = Quiz/Info.plist;
				IPHONEOS_DEPLOYMENT_TARGET = 13.0;
				LD_RUNPATH_SEARCH_PATHS = (
					"$(inherited)",
					"@executable_path/Frameworks",
				);
				PRODUCT_BUNDLE_IDENTIFIER = quiz.online;
				PRODUCT_NAME = "$(TARGET_NAME)";
				PROVISIONING_PROFILE_SPECIFIER = "";
				SWIFT_VERSION = 5.0;
				TARGETED_DEVICE_FAMILY = "1,2";
			};
			name = Debug;
		};
		D7FCFC8321A5283C00718EE2 /* Release */ = {
			isa = XCBuildConfiguration;
			baseConfigurationReference = 7052637C8037ED42F53F1D4C /* Pods-Quiz.release.xcconfig */;
			buildSettings = {
				ASSETCATALOG_COMPILER_APPICON_NAME = AppIcon;
				CODE_SIGN_ENTITLEMENTS = Quiz/Quiz.entitlements;
				CODE_SIGN_IDENTITY = "Apple Development";
				CODE_SIGN_STYLE = Automatic;
				CURRENT_PROJECT_VERSION = 2;
				DEVELOPMENT_TEAM = 89C47N4UTZ;
				FRAMEWORK_SEARCH_PATHS = (
					"$(inherited)",
					"\"${PODS_CONFIGURATION_BUILD_DIR}/AppAuth\"",
					"\"${PODS_CONFIGURATION_BUILD_DIR}/EVTopTabBar\"",
					"\"${PODS_CONFIGURATION_BUILD_DIR}/FBSDKCoreKit\"",
					"\"${PODS_CONFIGURATION_BUILD_DIR}/FBSDKLoginKit\"",
					"\"${PODS_CONFIGURATION_BUILD_DIR}/FBSDKPlacesKit\"",
					"\"${PODS_CONFIGURATION_BUILD_DIR}/FBSDKShareKit\"",
					"\"${PODS_CONFIGURATION_BUILD_DIR}/FirebaseAuth\"",
					"\"${PODS_CONFIGURATION_BUILD_DIR}/FirebaseCore\"",
					"\"${PODS_CONFIGURATION_BUILD_DIR}/FirebaseCoreDiagnostics\"",
					"\"${PODS_CONFIGURATION_BUILD_DIR}/FirebaseDatabase\"",
					"\"${PODS_CONFIGURATION_BUILD_DIR}/FirebaseInstallations\"",
					"\"${PODS_CONFIGURATION_BUILD_DIR}/FirebaseMessaging\"",
					"\"${PODS_CONFIGURATION_BUILD_DIR}/GTMAppAuth\"",
					"\"${PODS_CONFIGURATION_BUILD_DIR}/GTMSessionFetcher\"",
					"\"${PODS_CONFIGURATION_BUILD_DIR}/GoogleDataTransport\"",
					"\"${PODS_CONFIGURATION_BUILD_DIR}/GoogleSignIn\"",
					"\"${PODS_CONFIGURATION_BUILD_DIR}/GoogleUtilities\"",
					"\"${PODS_CONFIGURATION_BUILD_DIR}/PromisesObjC\"",
					"\"${PODS_CONFIGURATION_BUILD_DIR}/ReachabilitySwift\"",
					"\"${PODS_CONFIGURATION_BUILD_DIR}/SwiftyCrypto\"",
					"\"${PODS_CONFIGURATION_BUILD_DIR}/SwiftyJWT\"",
					"\"${PODS_CONFIGURATION_BUILD_DIR}/leveldb-library\"",
					"\"${PODS_CONFIGURATION_BUILD_DIR}/lottie-ios\"",
					"\"${PODS_CONFIGURATION_BUILD_DIR}/nanopb\"",
					"\"${PODS_ROOT}/FBAudienceNetwork/Static\"",
					"\"${PODS_ROOT}/FBSDKMarketingKit\"",
					"\"${PODS_ROOT}/FirebaseAnalytics/Frameworks\"",
					"\"${PODS_ROOT}/Google-Mobile-Ads-SDK/Frameworks/GoogleMobileAdsFramework-Current\"",
					"\"${PODS_ROOT}/GoogleAppMeasurement/Frameworks\"",
					"\"${PODS_ROOT}/GoogleUserMessagingPlatform/Frameworks/Release\"",
					"\"${PODS_XCFRAMEWORKS_BUILD_DIR}/FBAudienceNetwork\"",
					"\"${PODS_XCFRAMEWORKS_BUILD_DIR}/FirebaseAnalytics/AdIdSupport\"",
					"\"${PODS_XCFRAMEWORKS_BUILD_DIR}/Google-Mobile-Ads-SDK\"",
					"\"${PODS_XCFRAMEWORKS_BUILD_DIR}/GoogleAppMeasurement/AdIdSupport\"",
					"\"${PODS_XCFRAMEWORKS_BUILD_DIR}/GoogleAppMeasurement/WithoutAdIdSupport\"",
					"\"${PODS_XCFRAMEWORKS_BUILD_DIR}/GoogleUserMessagingPlatform\"",
					"\"${PODS_CONFIGURATION_BUILD_DIR}/FirebaseDatabase\"",
					"\"${PODS_CONFIGURATION_BUILD_DIR}/FirebaseCoreDiagnostics\"",
					"\"${PODS_CONFIGURATION_BUILD_DIR}/FirebaseCore\"",
				);
				HEADER_SEARCH_PATHS = (
					"$(inherited)",
					"\"${PODS_CONFIGURATION_BUILD_DIR}/AppAuth/AppAuth.framework/Headers\"",
					"\"${PODS_CONFIGURATION_BUILD_DIR}/EVTopTabBar/EVTopTabBar.framework/Headers\"",
					"\"${PODS_CONFIGURATION_BUILD_DIR}/FBSDKCoreKit/FBSDKCoreKit.framework/Headers\"",
					"\"${PODS_CONFIGURATION_BUILD_DIR}/FBSDKLoginKit/FBSDKLoginKit.framework/Headers\"",
					"\"${PODS_CONFIGURATION_BUILD_DIR}/FBSDKPlacesKit/FBSDKPlacesKit.framework/Headers\"",
					"\"${PODS_CONFIGURATION_BUILD_DIR}/FBSDKShareKit/FBSDKShareKit.framework/Headers\"",
					"\"${PODS_CONFIGURATION_BUILD_DIR}/GTMAppAuth/GTMAppAuth.framework/Headers\"",
					"\"${PODS_CONFIGURATION_BUILD_DIR}/GTMSessionFetcher/GTMSessionFetcher.framework/Headers\"",
					"\"${PODS_CONFIGURATION_BUILD_DIR}/GoogleDataTransport/GoogleDataTransport.framework/Headers\"",
					"\"${PODS_CONFIGURATION_BUILD_DIR}/GoogleSignIn/GoogleSignIn.framework/Headers\"",
					"\"${PODS_CONFIGURATION_BUILD_DIR}/GoogleUtilities/GoogleUtilities.framework/Headers\"",
					"\"${PODS_CONFIGURATION_BUILD_DIR}/PromisesObjC/FBLPromises.framework/Headers\"",
					"\"${PODS_CONFIGURATION_BUILD_DIR}/ReachabilitySwift/Reachability.framework/Headers\"",
					"\"${PODS_CONFIGURATION_BUILD_DIR}/SwiftyCrypto/SwiftyCrypto.framework/Headers\"",
					"\"${PODS_CONFIGURATION_BUILD_DIR}/SwiftyJWT/SwiftyJWT.framework/Headers\"",
					"\"${PODS_CONFIGURATION_BUILD_DIR}/leveldb-library/leveldb.framework/Headers\"",
					"\"${PODS_CONFIGURATION_BUILD_DIR}/lottie-ios/Lottie.framework/Headers\"",
					"\"${PODS_CONFIGURATION_BUILD_DIR}/nanopb/nanopb.framework/Headers\"",
					"\"${PODS_ROOT}/Headers/Public\"",
					"\"${PODS_ROOT}/Headers/Public/Firebase\"",
					"$(inherited)",
					"${PODS_ROOT}/Firebase/CoreOnly/Sources",
					"\"${PODS_TARGET_SRCROOT}/Sources/FBLPromises/include\"",
					"\"${PODS_CONFIGURATION_BUILD_DIR}/FirebaseCore/FirebaseCore.framework/Headers\"",
					"\"${PODS_CONFIGURATION_BUILD_DIR}/FirebaseCoreDiagnostics/FirebaseCoreDiagnostics.framework/Headers\"",
					"\"${PODS_CONFIGURATION_BUILD_DIR}/FirebaseDatabase/FirebaseDatabase.framework/Headers\"",
					"\"${PODS_ROOT}/Headers/Public/Firebase\"",
				);
				INFOPLIST_FILE = Quiz/Info.plist;
				IPHONEOS_DEPLOYMENT_TARGET = 13.0;
				LD_RUNPATH_SEARCH_PATHS = (
					"$(inherited)",
					"@executable_path/Frameworks",
				);
				PRODUCT_BUNDLE_IDENTIFIER = quiz.online;
				PRODUCT_NAME = "$(TARGET_NAME)";
				PROVISIONING_PROFILE_SPECIFIER = "";
				SWIFT_VERSION = 5.0;
				TARGETED_DEVICE_FAMILY = "1,2";
			};
			name = Release;
		};
		D7FCFC8521A5283C00718EE2 /* Debug */ = {
			isa = XCBuildConfiguration;
			baseConfigurationReference = 93413139FAD89479DEC3AAE7 /* Pods-QuizTests.debug.xcconfig */;
			buildSettings = {
				ALWAYS_EMBED_SWIFT_STANDARD_LIBRARIES = YES;
				BUNDLE_LOADER = "$(TEST_HOST)";
				CODE_SIGN_STYLE = Automatic;
				DEVELOPMENT_TEAM = K3P4767AN2;
				INFOPLIST_FILE = QuizTests/Info.plist;
				LD_RUNPATH_SEARCH_PATHS = (
					"$(inherited)",
					"@executable_path/Frameworks",
					"@loader_path/Frameworks",
				);
				PRODUCT_BUNDLE_IDENTIFIER = com.lpk.techno.QuizTests;
				PRODUCT_NAME = "$(TARGET_NAME)";
				SWIFT_VERSION = 5.0;
				TARGETED_DEVICE_FAMILY = "1,2";
				TEST_HOST = "$(BUILT_PRODUCTS_DIR)/Quiz.app/Quiz";
			};
			name = Debug;
		};
		D7FCFC8621A5283C00718EE2 /* Release */ = {
			isa = XCBuildConfiguration;
			baseConfigurationReference = AFF12D7B43E160D36C3B90B1 /* Pods-QuizTests.release.xcconfig */;
			buildSettings = {
				ALWAYS_EMBED_SWIFT_STANDARD_LIBRARIES = YES;
				BUNDLE_LOADER = "$(TEST_HOST)";
				CODE_SIGN_STYLE = Automatic;
				DEVELOPMENT_TEAM = K3P4767AN2;
				INFOPLIST_FILE = QuizTests/Info.plist;
				LD_RUNPATH_SEARCH_PATHS = (
					"$(inherited)",
					"@executable_path/Frameworks",
					"@loader_path/Frameworks",
				);
				PRODUCT_BUNDLE_IDENTIFIER = com.lpk.techno.QuizTests;
				PRODUCT_NAME = "$(TARGET_NAME)";
				SWIFT_VERSION = 5.0;
				TARGETED_DEVICE_FAMILY = "1,2";
				TEST_HOST = "$(BUILT_PRODUCTS_DIR)/Quiz.app/Quiz";
			};
			name = Release;
		};
		D7FCFC8821A5283C00718EE2 /* Debug */ = {
			isa = XCBuildConfiguration;
			baseConfigurationReference = 89141744E69537119C913BCD /* Pods-QuizUITests.debug.xcconfig */;
			buildSettings = {
				ALWAYS_EMBED_SWIFT_STANDARD_LIBRARIES = YES;
				CODE_SIGN_STYLE = Automatic;
				DEVELOPMENT_TEAM = K3P4767AN2;
				INFOPLIST_FILE = QuizUITests/Info.plist;
				LD_RUNPATH_SEARCH_PATHS = (
					"$(inherited)",
					"@executable_path/Frameworks",
					"@loader_path/Frameworks",
				);
				PRODUCT_BUNDLE_IDENTIFIER = com.lpk.techno.QuizUITests;
				PRODUCT_NAME = "$(TARGET_NAME)";
				SWIFT_VERSION = 5.0;
				TARGETED_DEVICE_FAMILY = "1,2";
				TEST_TARGET_NAME = Quiz;
			};
			name = Debug;
		};
		D7FCFC8921A5283C00718EE2 /* Release */ = {
			isa = XCBuildConfiguration;
			baseConfigurationReference = 2EF1E930FC219E8514559CCC /* Pods-QuizUITests.release.xcconfig */;
			buildSettings = {
				ALWAYS_EMBED_SWIFT_STANDARD_LIBRARIES = YES;
				CODE_SIGN_STYLE = Automatic;
				DEVELOPMENT_TEAM = K3P4767AN2;
				INFOPLIST_FILE = QuizUITests/Info.plist;
				LD_RUNPATH_SEARCH_PATHS = (
					"$(inherited)",
					"@executable_path/Frameworks",
					"@loader_path/Frameworks",
				);
				PRODUCT_BUNDLE_IDENTIFIER = com.lpk.techno.QuizUITests;
				PRODUCT_NAME = "$(TARGET_NAME)";
				SWIFT_VERSION = 5.0;
				TARGETED_DEVICE_FAMILY = "1,2";
				TEST_TARGET_NAME = Quiz;
			};
			name = Release;
		};
/* End XCBuildConfiguration section */

/* Begin XCConfigurationList section */
		D7FCFC5121A5282D00718EE2 /* Build configuration list for PBXProject "Quiz" */ = {
			isa = XCConfigurationList;
			buildConfigurations = (
				D7FCFC7F21A5283C00718EE2 /* Debug */,
				D7FCFC8021A5283C00718EE2 /* Release */,
			);
			defaultConfigurationIsVisible = 0;
			defaultConfigurationName = Release;
		};
		D7FCFC8121A5283C00718EE2 /* Build configuration list for PBXNativeTarget "Quiz" */ = {
			isa = XCConfigurationList;
			buildConfigurations = (
				D7FCFC8221A5283C00718EE2 /* Debug */,
				D7FCFC8321A5283C00718EE2 /* Release */,
			);
			defaultConfigurationIsVisible = 0;
			defaultConfigurationName = Release;
		};
		D7FCFC8421A5283C00718EE2 /* Build configuration list for PBXNativeTarget "QuizTests" */ = {
			isa = XCConfigurationList;
			buildConfigurations = (
				D7FCFC8521A5283C00718EE2 /* Debug */,
				D7FCFC8621A5283C00718EE2 /* Release */,
			);
			defaultConfigurationIsVisible = 0;
			defaultConfigurationName = Release;
		};
		D7FCFC8721A5283C00718EE2 /* Build configuration list for PBXNativeTarget "QuizUITests" */ = {
			isa = XCConfigurationList;
			buildConfigurations = (
				D7FCFC8821A5283C00718EE2 /* Debug */,
				D7FCFC8921A5283C00718EE2 /* Release */,
			);
			defaultConfigurationIsVisible = 0;
			defaultConfigurationName = Release;
		};
/* End XCConfigurationList section */

/* Begin XCVersionGroup section */
		D7FCFC6021A5282D00718EE2 /* Quiz.xcdatamodeld */ = {
			isa = XCVersionGroup;
			children = (
				D7FCFC6121A5282D00718EE2 /* Quiz.xcdatamodel */,
			);
			currentVersion = D7FCFC6121A5282D00718EE2 /* Quiz.xcdatamodel */;
			path = Quiz.xcdatamodeld;
			sourceTree = "<group>";
			versionGroupType = wrapper.xcdatamodel;
		};
/* End XCVersionGroup section */
	};
	rootObject = D7FCFC4E21A5282D00718EE2 /* Project object */;
}
